<?xml version="1.0" encoding="utf-8"?>
<Project ToolsVersion="4.0" xmlns="http://schemas.microsoft.com/developer/msbuild/2003">
  <ItemGroup>
    <Filter Include="Source Files">
      <UniqueIdentifier>{a0abb1df-fb41-448c-ba91-387af5cb0c1f}</UniqueIdentifier>
      <Extensions>cpp;c;cxx;rc;def;r;odl;idl;hpj;bat</Extensions>
    </Filter>
    <Filter Include="Header Files">
      <UniqueIdentifier>{19b29b3f-9a8c-47dd-99e9-60018d6ef10f}</UniqueIdentifier>
      <Extensions>h;hpp;hxx;hm;inl</Extensions>
    </Filter>
  </ItemGroup>
  <ItemGroup>
    <ClCompile Include="source\AddImageFrames.c">
      <Filter>Source Files</Filter>
    </ClCompile>
    <ClCompile Include="source\Dllmain.c">
      <Filter>Source Files</Filter>
    </ClCompile>
    <ClCompile Include="source\IMGFrameFromJPGS.c">
      <Filter>Source Files</Filter>
    </ClCompile>
    <ClCompile Include="source\Logger.cpp">
      <Filter>Source Files</Filter>
    </ClCompile>
    <ClCompile Include="source\QTils.c">
      <Filter>Source Files</Filter>
    </ClCompile>
    <ClCompile Include="source\QTImage2Mov-direct.c">
      <Filter>Source Files</Filter>
    </ClCompile>
    <ClCompile Include="source\QTImage2Mov.c">
      <Filter>Source Files</Filter>
    </ClCompile>
    <ClCompile Include="source\timing.c">
      <Filter>Source Files</Filter>
    </ClCompile>
    <ClCompile Include="..\brigade\win32getpath.c">
      <Filter>Source Files</Filter>
    </ClCompile>
    <ClCompile Include="..\brigade\win32popen.c">
      <Filter>Source Files</Filter>
    </ClCompile>
  </ItemGroup>
  <ItemGroup>
    <None Include="QTImage2Mov.def">
      <Filter>Source Files</Filter>
    </None>
    <None Include="source\QTImage2Mov.r">
      <Filter>Source Files</Filter>
    </None>
    <None Include="TODOHIST.txt" />
  </ItemGroup>
  <ItemGroup>
    <ClInclude Include="..\brigade\_stdint_.h">
      <Filter>Header Files</Filter>
    </ClInclude>
    <ClInclude Include="source\AddImageFrames.h">
      <Filter>Header Files</Filter>
    </ClInclude>
    <ClInclude Include="source\copyright.h">
      <Filter>Header Files</Filter>
    </ClInclude>
    <ClInclude Include="source\Dllmain.h">
      <Filter>Header Files</Filter>
    </ClInclude>
    <ClInclude Include="source\IMGFrameFromJPGS.h">
      <Filter>Header Files</Filter>
    </ClInclude>
    <ClInclude Include="source\Logger.h">
      <Filter>Header Files</Filter>
    </ClInclude>
    <ClInclude Include="source\Logging.h">
      <Filter>Header Files</Filter>
    </ClInclude>
    <ClInclude Include="source\QTils.h">
      <Filter>Header Files</Filter>
    </ClInclude>
    <ClInclude Include="source\QTImage2Mov.h">
      <Filter>Header Files</Filter>
    </ClInclude>
    <ClInclude Include="source\QTImage2MovVersion.h">
      <Filter>Header Files</Filter>
    </ClInclude>
    <ClInclude Include="ComponentIncludes\QuickTimeComponents.h">
      <Filter>Header Files</Filter>
    </ClInclude>
    <ClInclude Include="source\timing.h">
      <Filter>Header Files</Filter>
    </ClInclude>
    <ClInclude Include="source\winixdefs.h">
      <Filter>Header Files</Filter>
    </ClInclude>
  </ItemGroup>
  <ItemGroup>
    <CustomBuild Include="QTImage2MovWin.r">
      <Filter>Source Files</Filter>
    </CustomBuild>
  </ItemGroup>
  <ItemGroup>
    <ResourceCompile Include="source\QI2Mversion.rc">
      <Filter>Source Files</Filter>
    </ResourceCompile>
  </ItemGroup>
</Project>