// !$*UTF8*$!
{
	archiveVersion = 1;
	classes = {
	};
	objectVersion = 46;
	objects = {

/* Begin PBXAggregateTarget section */
		D65DBC7A11FC59F100B3CD0B /* TouchRez */ = {
			isa = PBXAggregateTarget;
			buildConfigurationList = D65DBC7D11FC5A1E00B3CD0B /* Build configuration list for PBXAggregateTarget "TouchRez" */;
			buildPhases = (
				D65DBC7911FC59F100B3CD0B /* ShellScript */,
			);
			dependencies = (
			);
			name = TouchRez;
			productName = TouchRez;
		};
		D6768F22131FB969006D40B4 /* DocSet */ = {
			isa = PBXAggregateTarget;
			buildConfigurationList = D6768F2F131FB9B5006D40B4 /* Build configuration list for PBXAggregateTarget "DocSet" */;
			buildPhases = (
				D6768F21131FB969006D40B4 /* doxygen */,
			);
			dependencies = (
			);
			name = DocSet;
			productName = DocSet;
		};
		D6F108801291A284004DC901 /* Archive+DocSet */ = {
			isa = PBXAggregateTarget;
			buildConfigurationList = D6F108881291A2C3004DC901 /* Build configuration list for PBXAggregateTarget "Archive+DocSet" */;
			buildPhases = (
				D6F1087F1291A284004DC901 /* archive */,
			);
			dependencies = (
				D6768F27131FB999006D40B4 /* PBXTargetDependency */,
			);
			name = "Archive+DocSet";
			productName = Archive;
		};
/* End PBXAggregateTarget section */

/* Begin PBXBuildFile section */
		D60437551292A2A0002FD822 /* densehashtable.h in Headers */ = {isa = PBXBuildFile; fileRef = D604374F1292A2A0002FD822 /* densehashtable.h */; };
		D60437561292A2A0002FD822 /* libc_allocator_with_realloc.h in Headers */ = {isa = PBXBuildFile; fileRef = D60437501292A2A0002FD822 /* libc_allocator_with_realloc.h */; };
		D60437571292A2A0002FD822 /* sparseconfig.h in Headers */ = {isa = PBXBuildFile; fileRef = D60437511292A2A0002FD822 /* sparseconfig.h */; };
		D60437581292A2A0002FD822 /* sparsehashtable.h in Headers */ = {isa = PBXBuildFile; fileRef = D60437521292A2A0002FD822 /* sparsehashtable.h */; };
		D60437591292A2A0002FD822 /* type_traits.h in Headers */ = {isa = PBXBuildFile; fileRef = D60437541292A2A0002FD822 /* type_traits.h */; };
		D61A798211F9E9A000CB755D /* QTImage2Mov-direct.c in Sources */ = {isa = PBXBuildFile; fileRef = D66B26BD11F86C1100E8AE78 /* QTImage2Mov-direct.c */; };
		D625A43212957C0F002C044E /* TODOHIST.txt in Resources */ = {isa = PBXBuildFile; fileRef = D644ABC311FFA0820097BA7E /* TODOHIST.txt */; };
		D63C533316F773E200A41AA7 /* NSLogger-LICENSE.txt in Resources */ = {isa = PBXBuildFile; fileRef = D63C532D16F773E200A41AA7 /* NSLogger-LICENSE.txt */; };
		D63C533416F773E200A41AA7 /* LoggerCommon.h in Headers */ = {isa = PBXBuildFile; fileRef = D63C532E16F773E200A41AA7 /* LoggerCommon.h */; };
		D63C533516F773E200A41AA7 /* LoggerClient.m in Sources */ = {isa = PBXBuildFile; fileRef = D63C532F16F773E200A41AA7 /* LoggerClient.m */; };
		D63C533616F773E200A41AA7 /* LoggerClient.h in Headers */ = {isa = PBXBuildFile; fileRef = D63C533016F773E200A41AA7 /* LoggerClient.h */; };
		D63C533716F773E200A41AA7 /* NSLoggerClient.h in Headers */ = {isa = PBXBuildFile; fileRef = D63C533116F773E200A41AA7 /* NSLoggerClient.h */; };
		D63C533816F773E200A41AA7 /* NSLoggerClient.m in Sources */ = {isa = PBXBuildFile; fileRef = D63C533216F773E200A41AA7 /* NSLoggerClient.m */; };
		D63C533C16F7742200A41AA7 /* SystemConfiguration.framework in Frameworks */ = {isa = PBXBuildFile; fileRef = D63C533B16F7742200A41AA7 /* SystemConfiguration.framework */; };
		D64740D711FB84EA0035E3AD /* AddImageFrames.h in Headers */ = {isa = PBXBuildFile; fileRef = D6C790EF11EC6F24002AB21C /* AddImageFrames.h */; };
		D64740D811FB84EA0035E3AD /* Components_macosx.k.h in Headers */ = {isa = PBXBuildFile; fileRef = F539BA8202B950BE01CB1899 /* Components_macosx.k.h */; };
		D64740D911FB84EA0035E3AD /* IMGFrameFromJPGS.h in Headers */ = {isa = PBXBuildFile; fileRef = D6C7914311EC73CA002AB21C /* IMGFrameFromJPGS.h */; };
		D64740DA11FB84EA0035E3AD /* Logging.h in Headers */ = {isa = PBXBuildFile; fileRef = D6C7918D11EC7685002AB21C /* Logging.h */; };
		D64740DB11FB84EA0035E3AD /* QTImage2Mov.h in Headers */ = {isa = PBXBuildFile; fileRef = F50182820255213601004445 /* QTImage2Mov.h */; };
		D64740DC11FB84EA0035E3AD /* QTImage2MovConstants.h in Headers */ = {isa = PBXBuildFile; fileRef = F5FABDBF0259072201E243BC /* QTImage2MovConstants.h */; };
		D64740DD11FB84EA0035E3AD /* QTImage2MovDispatch.h in Headers */ = {isa = PBXBuildFile; fileRef = F50182840255213601004445 /* QTImage2MovDispatch.h */; };
		D64740DE11FB84EA0035E3AD /* QTImage2MovVersion.h in Headers */ = {isa = PBXBuildFile; fileRef = F50182850255213601004445 /* QTImage2MovVersion.h */; };
		D64740DF11FB84EA0035E3AD /* QuickTimeComponents.h in Headers */ = {isa = PBXBuildFile; fileRef = F539BA8502B952EC01CB1899 /* QuickTimeComponents.h */; };
		D64740E011FB84EA0035E3AD /* QuickTimeComponents_macosx.h in Headers */ = {isa = PBXBuildFile; fileRef = D601D0FA11EB1029006E1C75 /* QuickTimeComponents_macosx.h */; };
		D64740E111FB84EA0035E3AD /* timing.h in Headers */ = {isa = PBXBuildFile; fileRef = D61B36C811D90C0B00661731 /* timing.h */; };
		D64740E211FB84EA0035E3AD /* winixdefs.h in Headers */ = {isa = PBXBuildFile; fileRef = D6148E7711F48623009B04A5 /* winixdefs.h */; };
		D64740E511FB84EA0035E3AD /* QTImage2Mov.c in Sources */ = {isa = PBXBuildFile; fileRef = F50182810255213601004445 /* QTImage2Mov.c */; };
		D64740E711FB84EA0035E3AD /* Carbon.framework in Frameworks */ = {isa = PBXBuildFile; fileRef = 08EA7FFBFE8413EDC02AAC07 /* Carbon.framework */; };
		D64740E811FB84EA0035E3AD /* libImage2Mov.a in Frameworks */ = {isa = PBXBuildFile; fileRef = D6552A7D11F266C90073E5BC /* libImage2Mov.a */; };
		D64740E911FB84EA0035E3AD /* QuickTime.framework in Frameworks */ = {isa = PBXBuildFile; fileRef = F501828C0255215801004445 /* QuickTime.framework */; };
		D64740EB11FB84EA0035E3AD /* QTImage2MovMachO.r in Rez */ = {isa = PBXBuildFile; fileRef = F50182860255213601004445 /* QTImage2MovMachO.r */; };
		D6552A7F11F266F20073E5BC /* AddImageFrames.c in Sources */ = {isa = PBXBuildFile; fileRef = D6C790F011EC6F24002AB21C /* AddImageFrames.c */; };
		D6552A8111F266F20073E5BC /* IMGFrameFromJPGS.c in Sources */ = {isa = PBXBuildFile; fileRef = D6C7914411EC73CA002AB21C /* IMGFrameFromJPGS.c */; };
		D6552A8311F266F20073E5BC /* timing.c in Sources */ = {isa = PBXBuildFile; fileRef = D61B36C911D90C0B00661731 /* timing.c */; };
		D6692BC31648277B00119830 /* AddImageFrames.h in Headers */ = {isa = PBXBuildFile; fileRef = D6C790EF11EC6F24002AB21C /* AddImageFrames.h */; };
		D6692BC41648277B00119830 /* Components_macosx.k.h in Headers */ = {isa = PBXBuildFile; fileRef = F539BA8202B950BE01CB1899 /* Components_macosx.k.h */; };
		D6692BC51648277B00119830 /* IMGFrameFromJPGS.h in Headers */ = {isa = PBXBuildFile; fileRef = D6C7914311EC73CA002AB21C /* IMGFrameFromJPGS.h */; };
		D6692BC61648277B00119830 /* Logging.h in Headers */ = {isa = PBXBuildFile; fileRef = D6C7918D11EC7685002AB21C /* Logging.h */; };
		D6692BC71648277B00119830 /* QTImage2Mov.h in Headers */ = {isa = PBXBuildFile; fileRef = F50182820255213601004445 /* QTImage2Mov.h */; };
		D6692BC81648277B00119830 /* QTImage2MovConstants.h in Headers */ = {isa = PBXBuildFile; fileRef = F5FABDBF0259072201E243BC /* QTImage2MovConstants.h */; };
		D6692BC91648277B00119830 /* QTImage2MovDispatch.h in Headers */ = {isa = PBXBuildFile; fileRef = F50182840255213601004445 /* QTImage2MovDispatch.h */; };
		D6692BCA1648277B00119830 /* QTImage2MovVersion.h in Headers */ = {isa = PBXBuildFile; fileRef = F50182850255213601004445 /* QTImage2MovVersion.h */; };
		D6692BCB1648277B00119830 /* QuickTimeComponents.h in Headers */ = {isa = PBXBuildFile; fileRef = F539BA8502B952EC01CB1899 /* QuickTimeComponents.h */; };
		D6692BCC1648277B00119830 /* QuickTimeComponents_macosx.h in Headers */ = {isa = PBXBuildFile; fileRef = D601D0FA11EB1029006E1C75 /* QuickTimeComponents_macosx.h */; };
		D6692BCD1648277B00119830 /* timing.h in Headers */ = {isa = PBXBuildFile; fileRef = D61B36C811D90C0B00661731 /* timing.h */; };
		D6692BCE1648277B00119830 /* winixdefs.h in Headers */ = {isa = PBXBuildFile; fileRef = D6148E7711F48623009B04A5 /* winixdefs.h */; };
		D6692BCF1648277B00119830 /* ProgressDialog.h in Headers */ = {isa = PBXBuildFile; fileRef = D6C87E9312E5C96D0011AFBB /* ProgressDialog.h */; };
		D6692BD11648277B00119830 /* QTImage2Mov.rtf in Resources */ = {isa = PBXBuildFile; fileRef = D686F6F112660F6E00E401EE /* QTImage2Mov.rtf */; };
		D6692BD21648277B00119830 /* TODOHIST.txt in Resources */ = {isa = PBXBuildFile; fileRef = D644ABC311FFA0820097BA7E /* TODOHIST.txt */; };
		D6692BD31648277B00119830 /* ProgressDialog.nib in Resources */ = {isa = PBXBuildFile; fileRef = D6C87E8C12E5C9000011AFBB /* ProgressDialog.nib */; };
		D6692BD41648277B00119830 /* PkgInfo in Resources */ = {isa = PBXBuildFile; fileRef = D6CE3C1D133EB548008085C5 /* PkgInfo */; };
		D6692BD51648277B00119830 /* QI2M.icns in Resources */ = {isa = PBXBuildFile; fileRef = D6CE3C20133EB57F008085C5 /* QI2M.icns */; };
		D6692BD71648277B00119830 /* QTImage2Mov.c in Sources */ = {isa = PBXBuildFile; fileRef = F50182810255213601004445 /* QTImage2Mov.c */; };
		D6692BD81648277B00119830 /* ProgressDialog.m in Sources */ = {isa = PBXBuildFile; fileRef = D6C87E9412E5C96D0011AFBB /* ProgressDialog.m */; };
		D6692BDB1648277B00119830 /* Carbon.framework in Frameworks */ = {isa = PBXBuildFile; fileRef = 08EA7FFBFE8413EDC02AAC07 /* Carbon.framework */; };
		D6692BDD1648277B00119830 /* QuickTime.framework in Frameworks */ = {isa = PBXBuildFile; fileRef = F501828C0255215801004445 /* QuickTime.framework */; };
		D6692BDE1648277B00119830 /* Cocoa.framework in Frameworks */ = {isa = PBXBuildFile; fileRef = D6C87EA112E5CA5F0011AFBB /* Cocoa.framework */; };
		D6692BDF1648277B00119830 /* libavcodec.dylib in Frameworks */ = {isa = PBXBuildFile; fileRef = D6EB67C6163C82C200A80A5F /* libavcodec.dylib */; };
		D6692BE01648277B00119830 /* libavformat.dylib in Frameworks */ = {isa = PBXBuildFile; fileRef = D6EB67C8163C82C200A80A5F /* libavformat.dylib */; };
		D6692BE11648277B00119830 /* libavutil.dylib in Frameworks */ = {isa = PBXBuildFile; fileRef = D6EB67CA163C82C200A80A5F /* libavutil.dylib */; };
		D6692BE31648277B00119830 /* QTImage2MovMachO.r in Rez */ = {isa = PBXBuildFile; fileRef = F50182860255213601004445 /* QTImage2MovMachO.r */; };
		D6692BEF1648279500119830 /* QTils.h in Headers */ = {isa = PBXBuildFile; fileRef = D6C5888211F9C8B400E6080A /* QTils.h */; };
		D6692BF01648279500119830 /* copyright.h in Headers */ = {isa = PBXBuildFile; fileRef = D6C588D611F9CEA000E6080A /* copyright.h */; };
		D6692BF31648279500119830 /* densehashtable.h in Headers */ = {isa = PBXBuildFile; fileRef = D604374F1292A2A0002FD822 /* densehashtable.h */; };
		D6692BF41648279500119830 /* libc_allocator_with_realloc.h in Headers */ = {isa = PBXBuildFile; fileRef = D60437501292A2A0002FD822 /* libc_allocator_with_realloc.h */; };
		D6692BF51648279500119830 /* sparseconfig.h in Headers */ = {isa = PBXBuildFile; fileRef = D60437511292A2A0002FD822 /* sparseconfig.h */; };
		D6692BF61648279500119830 /* sparsehashtable.h in Headers */ = {isa = PBXBuildFile; fileRef = D60437521292A2A0002FD822 /* sparsehashtable.h */; };
		D6692BF71648279500119830 /* type_traits.h in Headers */ = {isa = PBXBuildFile; fileRef = D60437541292A2A0002FD822 /* type_traits.h */; };
		D6692BFA1648279500119830 /* AddImageFrames.c in Sources */ = {isa = PBXBuildFile; fileRef = D6C790F011EC6F24002AB21C /* AddImageFrames.c */; };
		D6692BFB1648279500119830 /* IMGFrameFromJPGS.c in Sources */ = {isa = PBXBuildFile; fileRef = D6C7914411EC73CA002AB21C /* IMGFrameFromJPGS.c */; };
		D6692BFC1648279500119830 /* timing.c in Sources */ = {isa = PBXBuildFile; fileRef = D61B36C911D90C0B00661731 /* timing.c */; };
		D6692BFD1648279500119830 /* QTils.c in Sources */ = {isa = PBXBuildFile; fileRef = D6C5888311F9C8B400E6080A /* QTils.c */; };
		D6692BFE1648279500119830 /* QTImage2Mov-direct.c in Sources */ = {isa = PBXBuildFile; fileRef = D66B26BD11F86C1100E8AE78 /* QTImage2Mov-direct.c */; };
		D6692C0A1648284000119830 /* libImage2Mov+laf.a in Frameworks */ = {isa = PBXBuildFile; fileRef = D6692C071648279500119830 /* libImage2Mov+laf.a */; };
		D686F6F212660F6E00E401EE /* QTImage2Mov.rtf in Resources */ = {isa = PBXBuildFile; fileRef = D686F6F112660F6E00E401EE /* QTImage2Mov.rtf */; };
		D6C5888411F9C8B400E6080A /* QTils.h in Headers */ = {isa = PBXBuildFile; fileRef = D6C5888211F9C8B400E6080A /* QTils.h */; };
		D6C5888511F9C8B400E6080A /* QTils.c in Sources */ = {isa = PBXBuildFile; fileRef = D6C5888311F9C8B400E6080A /* QTils.c */; };
		D6C588D711F9CEA000E6080A /* copyright.h in Headers */ = {isa = PBXBuildFile; fileRef = D6C588D611F9CEA000E6080A /* copyright.h */; };
		D6C87E8F12E5C9000011AFBB /* ProgressDialog.nib in Resources */ = {isa = PBXBuildFile; fileRef = D6C87E8C12E5C9000011AFBB /* ProgressDialog.nib */; };
		D6C87E9512E5C96D0011AFBB /* ProgressDialog.h in Headers */ = {isa = PBXBuildFile; fileRef = D6C87E9312E5C96D0011AFBB /* ProgressDialog.h */; };
		D6C87E9612E5C96D0011AFBB /* ProgressDialog.m in Sources */ = {isa = PBXBuildFile; fileRef = D6C87E9412E5C96D0011AFBB /* ProgressDialog.m */; };
		D6C87EA212E5CA5F0011AFBB /* Cocoa.framework in Frameworks */ = {isa = PBXBuildFile; fileRef = D6C87EA112E5CA5F0011AFBB /* Cocoa.framework */; };
		D6CE3C1E133EB548008085C5 /* PkgInfo in Resources */ = {isa = PBXBuildFile; fileRef = D6CE3C1D133EB548008085C5 /* PkgInfo */; };
		D6CE3C21133EB57F008085C5 /* QI2M.icns in Resources */ = {isa = PBXBuildFile; fileRef = D6CE3C20133EB57F008085C5 /* QI2M.icns */; };
/* End PBXBuildFile section */

/* Begin PBXContainerItemProxy section */
		D647410D11FB88470035E3AD /* PBXContainerItemProxy */ = {
			isa = PBXContainerItemProxy;
			containerPortal = 089C1669FE841209C02AAC07 /* Project object */;
			proxyType = 1;
			remoteGlobalIDString = D6552A7C11F266C90073E5BC;
			remoteInfo = Image2Mov;
		};
		D65DBC7B11FC59FC00B3CD0B /* PBXContainerItemProxy */ = {
			isa = PBXContainerItemProxy;
			containerPortal = 089C1669FE841209C02AAC07 /* Project object */;
			proxyType = 1;
			remoteGlobalIDString = D65DBC7A11FC59F100B3CD0B;
			remoteInfo = TouchRez;
		};
		D6692BBD1648277B00119830 /* PBXContainerItemProxy */ = {
			isa = PBXContainerItemProxy;
			containerPortal = 089C1669FE841209C02AAC07 /* Project object */;
			proxyType = 1;
			remoteGlobalIDString = D65DBC7A11FC59F100B3CD0B;
			remoteInfo = TouchRez;
		};
		D6692C081648280E00119830 /* PBXContainerItemProxy */ = {
			isa = PBXContainerItemProxy;
			containerPortal = 089C1669FE841209C02AAC07 /* Project object */;
			proxyType = 1;
			remoteGlobalIDString = D6692BED1648279500119830;
			remoteInfo = "Image2Mov libavf";
		};
		D6768F26131FB999006D40B4 /* PBXContainerItemProxy */ = {
			isa = PBXContainerItemProxy;
			containerPortal = 089C1669FE841209C02AAC07 /* Project object */;
			proxyType = 1;
			remoteGlobalIDString = D6768F22131FB969006D40B4;
			remoteInfo = DocSet;
		};
/* End PBXContainerItemProxy section */

/* Begin PBXCopyFilesBuildPhase section */
		D6692BE41648277B00119830 /* Frameworks */ = {
			isa = PBXCopyFilesBuildPhase;
			buildActionMask = 2147483647;
			dstPath = "";
			dstSubfolderSpec = 10;
			files = (
			);
			name = Frameworks;
			runOnlyForDeploymentPostprocessing = 0;
		};
		D67A1CAA134B999800073807 /* Frameworks */ = {
			isa = PBXCopyFilesBuildPhase;
			buildActionMask = 2147483647;
			dstPath = "";
			dstSubfolderSpec = 10;
			files = (
			);
			name = Frameworks;
			runOnlyForDeploymentPostprocessing = 0;
		};
/* End PBXCopyFilesBuildPhase section */

/* Begin PBXFileReference section */
		08EA7FFBFE8413EDC02AAC07 /* Carbon.framework */ = {isa = PBXFileReference; lastKnownFileType = wrapper.framework; name = Carbon.framework; path = /System/Library/Frameworks/Carbon.framework; sourceTree = "<absolute>"; };
		D601D0FA11EB1029006E1C75 /* QuickTimeComponents_macosx.h */ = {isa = PBXFileReference; fileEncoding = 12; lastKnownFileType = sourcecode.c.h; lineEnding = 2; name = QuickTimeComponents_macosx.h; path = ../ComponentIncludes/QuickTimeComponents_macosx.h; sourceTree = SOURCE_ROOT; };
		D60437441292A25F002FD822 /* Lists.h */ = {isa = PBXFileReference; fileEncoding = 12; lastKnownFileType = sourcecode.c.h; lineEnding = 2; path = Lists.h; sourceTree = "<group>"; };
		D60437451292A25F002FD822 /* Lists.cpp */ = {isa = PBXFileReference; fileEncoding = 12; lastKnownFileType = sourcecode.cpp.cpp; lineEnding = 2; path = Lists.cpp; sourceTree = "<group>"; };
		D604374A1292A2A0002FD822 /* dense_hash_map */ = {isa = PBXFileReference; fileEncoding = 4; lastKnownFileType = text; path = dense_hash_map; sourceTree = "<group>"; };
		D604374B1292A2A0002FD822 /* dense_hash_set */ = {isa = PBXFileReference; fileEncoding = 4; lastKnownFileType = text; path = dense_hash_set; sourceTree = "<group>"; };
		D604374C1292A2A0002FD822 /* sparse_hash_map */ = {isa = PBXFileReference; fileEncoding = 4; lastKnownFileType = text; path = sparse_hash_map; sourceTree = "<group>"; };
		D604374D1292A2A0002FD822 /* sparse_hash_set */ = {isa = PBXFileReference; fileEncoding = 4; lastKnownFileType = text; path = sparse_hash_set; sourceTree = "<group>"; };
		D604374F1292A2A0002FD822 /* densehashtable.h */ = {isa = PBXFileReference; fileEncoding = 4; lastKnownFileType = sourcecode.c.h; path = densehashtable.h; sourceTree = "<group>"; };
		D60437501292A2A0002FD822 /* libc_allocator_with_realloc.h */ = {isa = PBXFileReference; fileEncoding = 4; lastKnownFileType = sourcecode.c.h; path = libc_allocator_with_realloc.h; sourceTree = "<group>"; };
		D60437511292A2A0002FD822 /* sparseconfig.h */ = {isa = PBXFileReference; fileEncoding = 4; lastKnownFileType = sourcecode.c.h; path = sparseconfig.h; sourceTree = "<group>"; };
		D60437521292A2A0002FD822 /* sparsehashtable.h */ = {isa = PBXFileReference; fileEncoding = 4; lastKnownFileType = sourcecode.c.h; path = sparsehashtable.h; sourceTree = "<group>"; };
		D60437531292A2A0002FD822 /* sparsetable */ = {isa = PBXFileReference; fileEncoding = 4; lastKnownFileType = text; path = sparsetable; sourceTree = "<group>"; };
		D60437541292A2A0002FD822 /* type_traits.h */ = {isa = PBXFileReference; fileEncoding = 4; lastKnownFileType = sourcecode.c.h; path = type_traits.h; sourceTree = "<group>"; };
		D60C64BC1632C4FB0097166C /* QI2Mversion.rc */ = {isa = PBXFileReference; explicitFileType = sourcecode.rc; fileEncoding = 4; name = QI2Mversion.rc; path = ../source/QI2Mversion.rc; sourceTree = SOURCE_ROOT; };
		D6148E7711F48623009B04A5 /* winixdefs.h */ = {isa = PBXFileReference; fileEncoding = 12; lastKnownFileType = sourcecode.c.h; lineEnding = 2; name = winixdefs.h; path = ../source/winixdefs.h; sourceTree = SOURCE_ROOT; };
		D61B36C811D90C0B00661731 /* timing.h */ = {isa = PBXFileReference; fileEncoding = 12; lastKnownFileType = sourcecode.c.h; lineEnding = 2; name = timing.h; path = ../source/timing.h; sourceTree = SOURCE_ROOT; };
		D61B36C911D90C0B00661731 /* timing.c */ = {isa = PBXFileReference; fileEncoding = 12; lastKnownFileType = sourcecode.c.c; lineEnding = 2; name = timing.c; path = ../source/timing.c; sourceTree = SOURCE_ROOT; };
		D627F8811296E8E8001B1E94 /* voutplayer.h */ = {isa = PBXFileReference; fileEncoding = 12; lastKnownFileType = sourcecode.c.h; lineEnding = 2; name = voutplayer.h; path = ../../../MSWin/qtvoutplayer/src/voutplayer.h; sourceTree = SOURCE_ROOT; };
		D627F8821296E8E8001B1E94 /* qtvoutplayer.c */ = {isa = PBXFileReference; fileEncoding = 12; lastKnownFileType = sourcecode.c.c; lineEnding = 2; name = qtvoutplayer.c; path = ../../../MSWin/qtvoutplayer/src/qtvoutplayer.c; sourceTree = SOURCE_ROOT; };
		D627F8831296E8E8001B1E94 /* qtime.h */ = {isa = PBXFileReference; fileEncoding = 12; lastKnownFileType = sourcecode.c.h; lineEnding = 2; name = qtime.h; path = ../../../MSWin/qtvoutplayer/src/qtime.h; sourceTree = SOURCE_ROOT; };
		D627F8841296E8E8001B1E94 /* qtime.c */ = {isa = PBXFileReference; fileEncoding = 12; lastKnownFileType = sourcecode.c.c; lineEnding = 2; name = qtime.c; path = ../../../MSWin/qtvoutplayer/src/qtime.c; sourceTree = SOURCE_ROOT; };
		D63C532D16F773E200A41AA7 /* NSLogger-LICENSE.txt */ = {isa = PBXFileReference; fileEncoding = 4; lastKnownFileType = text; name = "NSLogger-LICENSE.txt"; path = "../source/NSLogger-LICENSE.txt"; sourceTree = SOURCE_ROOT; };
		D63C532E16F773E200A41AA7 /* LoggerCommon.h */ = {isa = PBXFileReference; fileEncoding = 4; lastKnownFileType = sourcecode.c.h; name = LoggerCommon.h; path = ../source/LoggerCommon.h; sourceTree = SOURCE_ROOT; };
		D63C532F16F773E200A41AA7 /* LoggerClient.m */ = {isa = PBXFileReference; fileEncoding = 4; lastKnownFileType = sourcecode.c.objc; name = LoggerClient.m; path = ../source/LoggerClient.m; sourceTree = SOURCE_ROOT; };
		D63C533016F773E200A41AA7 /* LoggerClient.h */ = {isa = PBXFileReference; fileEncoding = 4; lastKnownFileType = sourcecode.c.h; name = LoggerClient.h; path = ../source/LoggerClient.h; sourceTree = SOURCE_ROOT; };
		D63C533116F773E200A41AA7 /* NSLoggerClient.h */ = {isa = PBXFileReference; fileEncoding = 4; lastKnownFileType = sourcecode.c.h; name = NSLoggerClient.h; path = ../source/NSLoggerClient.h; sourceTree = SOURCE_ROOT; };
		D63C533216F773E200A41AA7 /* NSLoggerClient.m */ = {isa = PBXFileReference; fileEncoding = 4; lastKnownFileType = sourcecode.c.objc; name = NSLoggerClient.m; path = ../source/NSLoggerClient.m; sourceTree = SOURCE_ROOT; };
		D63C533B16F7742200A41AA7 /* SystemConfiguration.framework */ = {isa = PBXFileReference; lastKnownFileType = wrapper.framework; name = SystemConfiguration.framework; path = System/Library/Frameworks/SystemConfiguration.framework; sourceTree = SDKROOT; };
		D63D6533144076A80039FC0C /* QTImage2Mov-v1.1.pages */ = {isa = PBXFileReference; lastKnownFileType = file; name = "QTImage2Mov-v1.1.pages"; path = "../QTImage2Mov-v1.1.pages"; sourceTree = SOURCE_ROOT; };
		D644ABC311FFA0820097BA7E /* TODOHIST.txt */ = {isa = PBXFileReference; fileEncoding = 12; lastKnownFileType = text; lineEnding = 2; name = TODOHIST.txt; path = ../TODOHIST.txt; sourceTree = SOURCE_ROOT; wrapsLines = 1; };
		D647408A11FB7F7F0035E3AD /* QTImage2Mov-Info.plist */ = {isa = PBXFileReference; lastKnownFileType = text.plist.xml; path = "QTImage2Mov-Info.plist"; sourceTree = "<group>"; };
		D64740F011FB84EA0035E3AD /* QTImage2MovComponent.plist */ = {isa = PBXFileReference; lastKnownFileType = text.plist.xml; path = QTImage2MovComponent.plist; sourceTree = "<group>"; };
		D64740F111FB84EA0035E3AD /* QTImage2MovComp.component */ = {isa = PBXFileReference; explicitFileType = wrapper.cfbundle; includeInIndex = 0; path = QTImage2MovComp.component; sourceTree = BUILT_PRODUCTS_DIR; };
		D6552A7D11F266C90073E5BC /* libImage2Mov.a */ = {isa = PBXFileReference; explicitFileType = archive.ar; includeInIndex = 0; path = libImage2Mov.a; sourceTree = BUILT_PRODUCTS_DIR; };
		D6692BEB1648277B00119830 /* QTImage2MovComp.component */ = {isa = PBXFileReference; explicitFileType = wrapper.cfbundle; includeInIndex = 0; path = QTImage2MovComp.component; sourceTree = BUILT_PRODUCTS_DIR; };
		D6692BEC1648277B00119830 /* QTImage2MovComponent+libavf.plist */ = {isa = PBXFileReference; lastKnownFileType = text.plist.xml; path = "QTImage2MovComponent+libavf.plist"; sourceTree = "<group>"; };
		D6692C071648279500119830 /* libImage2Mov+laf.a */ = {isa = PBXFileReference; explicitFileType = archive.ar; includeInIndex = 0; path = "libImage2Mov+laf.a"; sourceTree = BUILT_PRODUCTS_DIR; };
		D66B265B11F84CCD00E8AE78 /* QTImage2Mov.def */ = {isa = PBXFileReference; fileEncoding = 12; lastKnownFileType = text; lineEnding = 2; name = QTImage2Mov.def; path = ../QTImage2Mov.def; sourceTree = SOURCE_ROOT; };
		D66B26BD11F86C1100E8AE78 /* QTImage2Mov-direct.c */ = {isa = PBXFileReference; fileEncoding = 12; lastKnownFileType = sourcecode.c.c; name = "QTImage2Mov-direct.c"; path = "../source/QTImage2Mov-direct.c"; sourceTree = SOURCE_ROOT; };
		D686F6F112660F6E00E401EE /* QTImage2Mov.rtf */ = {isa = PBXFileReference; lastKnownFileType = text.rtf; name = QTImage2Mov.rtf; path = ../QTImage2Mov.rtf; sourceTree = SOURCE_ROOT; wrapsLines = 1; };
		D6870462166BA23300300B8D /* win32popen.c */ = {isa = PBXFileReference; fileEncoding = 4; lastKnownFileType = sourcecode.c.c; name = win32popen.c; path = ../../brigade/win32popen.c; sourceTree = SOURCE_ROOT; };
		D687046D166BA27300300B8D /* win32popen.h */ = {isa = PBXFileReference; fileEncoding = 4; lastKnownFileType = sourcecode.c.h; name = win32popen.h; path = ../../brigade/win32popen.h; sourceTree = SOURCE_ROOT; };
		D6A36724123790780091D27C /* scratch.c */ = {isa = PBXFileReference; fileEncoding = 4; lastKnownFileType = sourcecode.c.c; path = scratch.c; sourceTree = "<group>"; };
		D6BD7C0E13210B5B0039E967 /* runDoxygen.bat */ = {isa = PBXFileReference; explicitFileType = text.script.sh; fileEncoding = 12; lineEnding = 2; name = runDoxygen.bat; path = ../runDoxygen.bat; sourceTree = SOURCE_ROOT; };
		D6C15C431253A95200155E17 /* Dllmain.c */ = {isa = PBXFileReference; fileEncoding = 12; lastKnownFileType = sourcecode.c.c; lineEnding = 2; name = Dllmain.c; path = ../source/Dllmain.c; sourceTree = SOURCE_ROOT; };
		D6C15C441253A95200155E17 /* Dllmain.h */ = {isa = PBXFileReference; fileEncoding = 12; lastKnownFileType = sourcecode.c.h; lineEnding = 2; name = Dllmain.h; path = ../source/Dllmain.h; sourceTree = SOURCE_ROOT; };
		D6C15C451253A95200155E17 /* QTImage2MovWin.r */ = {isa = PBXFileReference; fileEncoding = 12; lastKnownFileType = sourcecode.rez; lineEnding = 2; name = QTImage2MovWin.r; path = ../QTImage2MovWin.r; sourceTree = SOURCE_ROOT; };
		D6C5888211F9C8B400E6080A /* QTils.h */ = {isa = PBXFileReference; fileEncoding = 12; lastKnownFileType = sourcecode.c.h; lineEnding = 2; name = QTils.h; path = ../source/QTils.h; sourceTree = "<group>"; };
		D6C5888311F9C8B400E6080A /* QTils.c */ = {isa = PBXFileReference; fileEncoding = 12; lastKnownFileType = sourcecode.c.c; lineEnding = 2; name = QTils.c; path = ../source/QTils.c; sourceTree = "<group>"; };
		D6C588D611F9CEA000E6080A /* copyright.h */ = {isa = PBXFileReference; fileEncoding = 5; lastKnownFileType = sourcecode.c.h; lineEnding = 2; name = copyright.h; path = ../source/copyright.h; sourceTree = SOURCE_ROOT; };
		D6C790EF11EC6F24002AB21C /* AddImageFrames.h */ = {isa = PBXFileReference; fileEncoding = 12; lastKnownFileType = sourcecode.c.h; lineEnding = 2; name = AddImageFrames.h; path = ../source/AddImageFrames.h; sourceTree = SOURCE_ROOT; };
		D6C790F011EC6F24002AB21C /* AddImageFrames.c */ = {isa = PBXFileReference; fileEncoding = 4; lastKnownFileType = sourcecode.c.c; lineEnding = 2; name = AddImageFrames.c; path = ../source/AddImageFrames.c; sourceTree = SOURCE_ROOT; wrapsLines = 0; };
		D6C7914311EC73CA002AB21C /* IMGFrameFromJPGS.h */ = {isa = PBXFileReference; fileEncoding = 12; lastKnownFileType = sourcecode.c.h; lineEnding = 2; name = IMGFrameFromJPGS.h; path = ../source/IMGFrameFromJPGS.h; sourceTree = SOURCE_ROOT; };
		D6C7914411EC73CA002AB21C /* IMGFrameFromJPGS.c */ = {isa = PBXFileReference; fileEncoding = 12; lastKnownFileType = sourcecode.c.c; lineEnding = 2; name = IMGFrameFromJPGS.c; path = ../source/IMGFrameFromJPGS.c; sourceTree = SOURCE_ROOT; };
		D6C7918D11EC7685002AB21C /* Logging.h */ = {isa = PBXFileReference; fileEncoding = 12; lastKnownFileType = sourcecode.c.h; lineEnding = 2; name = Logging.h; path = ../source/Logging.h; sourceTree = SOURCE_ROOT; };
		D6C87E8D12E5C9000011AFBB /* English */ = {isa = PBXFileReference; lastKnownFileType = wrapper.nib; name = English; path = ProgressDialog.nib; sourceTree = "<group>"; };
		D6C87E9312E5C96D0011AFBB /* ProgressDialog.h */ = {isa = PBXFileReference; fileEncoding = 12; lastKnownFileType = sourcecode.c.h; name = ProgressDialog.h; path = ../source/ProgressDialog.h; sourceTree = SOURCE_ROOT; };
		D6C87E9412E5C96D0011AFBB /* ProgressDialog.m */ = {isa = PBXFileReference; fileEncoding = 12; lastKnownFileType = sourcecode.c.objc; name = ProgressDialog.m; path = ../source/ProgressDialog.m; sourceTree = SOURCE_ROOT; };
		D6C87EA112E5CA5F0011AFBB /* Cocoa.framework */ = {isa = PBXFileReference; lastKnownFileType = wrapper.framework; name = Cocoa.framework; path = System/Library/Frameworks/Cocoa.framework; sourceTree = SDKROOT; };
		D6CE3C1D133EB548008085C5 /* PkgInfo */ = {isa = PBXFileReference; fileEncoding = 4; lastKnownFileType = text; path = PkgInfo; sourceTree = "<group>"; };
		D6CE3C20133EB57F008085C5 /* QI2M.icns */ = {isa = PBXFileReference; lastKnownFileType = image.icns; path = QI2M.icns; sourceTree = "<group>"; };
		D6EB67C6163C82C200A80A5F /* libavcodec.dylib */ = {isa = PBXFileReference; lastKnownFileType = "compiled.mach-o.dylib"; name = libavcodec.dylib; path = /Volumes/Debian/Users/bertin/work/src/MacOSX/brigade/FFmpeg/macosx/lib/libavcodec.dylib; sourceTree = "<absolute>"; };
		D6EB67C8163C82C200A80A5F /* libavformat.dylib */ = {isa = PBXFileReference; lastKnownFileType = "compiled.mach-o.dylib"; name = libavformat.dylib; path = /Volumes/Debian/Users/bertin/work/src/MacOSX/brigade/FFmpeg/macosx/lib/libavformat.dylib; sourceTree = "<absolute>"; };
		D6EB67CA163C82C200A80A5F /* libavutil.dylib */ = {isa = PBXFileReference; lastKnownFileType = "compiled.mach-o.dylib"; name = libavutil.dylib; path = /Volumes/Debian/Users/bertin/work/src/MacOSX/brigade/FFmpeg/macosx/lib/libavutil.dylib; sourceTree = "<absolute>"; };
		D6EC1E3612EF281800B53DBC /* BugReports.txt */ = {isa = PBXFileReference; fileEncoding = 4; lastKnownFileType = text; name = BugReports.txt; path = ../BugReports.txt; sourceTree = SOURCE_ROOT; wrapsLines = 1; };
		D6EF43AF12007B570046123B /* Logger.cpp */ = {isa = PBXFileReference; fileEncoding = 12; lastKnownFileType = sourcecode.cpp.cpp; lineEnding = 2; name = Logger.cpp; path = ../source/Logger.cpp; sourceTree = SOURCE_ROOT; };
		D6EF43B012007B570046123B /* Logger.h */ = {isa = PBXFileReference; fileEncoding = 12; lastKnownFileType = sourcecode.c.h; lineEnding = 2; name = Logger.h; path = ../source/Logger.h; sourceTree = SOURCE_ROOT; };
		D6F108891291A2CD004DC901 /* make_archive.sh */ = {isa = PBXFileReference; fileEncoding = 4; lastKnownFileType = text.script.sh; name = make_archive.sh; path = ../make_archive.sh; sourceTree = SOURCE_ROOT; };
		D6FC2A67131E57C800583ACC /* doxygen.config */ = {isa = PBXFileReference; fileEncoding = 4; lastKnownFileType = text; name = doxygen.config; path = ../doxygen.config; sourceTree = SOURCE_ROOT; };
		D6FC2ADC131E5D0C00583ACC /* runDoxygen.sh */ = {isa = PBXFileReference; fileEncoding = 4; lastKnownFileType = text.script.sh; path = runDoxygen.sh; sourceTree = "<group>"; };
		F50182810255213601004445 /* QTImage2Mov.c */ = {isa = PBXFileReference; fileEncoding = 12; lastKnownFileType = sourcecode.c.c; lineEnding = 2; name = QTImage2Mov.c; path = ../source/QTImage2Mov.c; sourceTree = SOURCE_ROOT; };
		F50182820255213601004445 /* QTImage2Mov.h */ = {isa = PBXFileReference; fileEncoding = 12; lastKnownFileType = sourcecode.c.h; lineEnding = 2; name = QTImage2Mov.h; path = ../source/QTImage2Mov.h; sourceTree = SOURCE_ROOT; };
		F50182830255213601004445 /* QTImage2Mov.r */ = {isa = PBXFileReference; fileEncoding = 12; lastKnownFileType = sourcecode.rez; lineEnding = 2; name = QTImage2Mov.r; path = ../source/QTImage2Mov.r; sourceTree = SOURCE_ROOT; };
		F50182840255213601004445 /* QTImage2MovDispatch.h */ = {isa = PBXFileReference; fileEncoding = 12; lastKnownFileType = sourcecode.c.h; lineEnding = 2; name = QTImage2MovDispatch.h; path = ../source/QTImage2MovDispatch.h; sourceTree = SOURCE_ROOT; };
		F50182850255213601004445 /* QTImage2MovVersion.h */ = {isa = PBXFileReference; fileEncoding = 12; lastKnownFileType = sourcecode.c.h; lineEnding = 2; name = QTImage2MovVersion.h; path = ../source/QTImage2MovVersion.h; sourceTree = SOURCE_ROOT; };
		F50182860255213601004445 /* QTImage2MovMachO.r */ = {isa = PBXFileReference; lastKnownFileType = sourcecode.rez; name = QTImage2MovMachO.r; path = ../PrefixIncludes/QTImage2MovMachO.r; sourceTree = SOURCE_ROOT; };
		F501828C0255215801004445 /* QuickTime.framework */ = {isa = PBXFileReference; lastKnownFileType = wrapper.framework; name = QuickTime.framework; path = /System/Library/Frameworks/QuickTime.framework; sourceTree = "<absolute>"; };
		F539BA8202B950BE01CB1899 /* Components_macosx.k.h */ = {isa = PBXFileReference; fileEncoding = 12; lastKnownFileType = sourcecode.c.h; lineEnding = 2; name = Components_macosx.k.h; path = ../ComponentIncludes/Components_macosx.k.h; sourceTree = SOURCE_ROOT; };
		F539BA8502B952EC01CB1899 /* QuickTimeComponents.h */ = {isa = PBXFileReference; fileEncoding = 12; lastKnownFileType = sourcecode.c.h; lineEnding = 2; name = QuickTimeComponents.h; path = ../ComponentIncludes/QuickTimeComponents.h; sourceTree = SOURCE_ROOT; };
		F5FABDBF0259072201E243BC /* QTImage2MovConstants.h */ = {isa = PBXFileReference; fileEncoding = 12; lastKnownFileType = sourcecode.c.h; lineEnding = 2; name = QTImage2MovConstants.h; path = ../source/QTImage2MovConstants.h; sourceTree = SOURCE_ROOT; };
/* End PBXFileReference section */

/* Begin PBXFrameworksBuildPhase section */
		D64740E611FB84EA0035E3AD /* Frameworks */ = {
			isa = PBXFrameworksBuildPhase;
			buildActionMask = 2147483647;
			files = (
				D64740E711FB84EA0035E3AD /* Carbon.framework in Frameworks */,
				D64740E811FB84EA0035E3AD /* libImage2Mov.a in Frameworks */,
				D64740E911FB84EA0035E3AD /* QuickTime.framework in Frameworks */,
				D6C87EA212E5CA5F0011AFBB /* Cocoa.framework in Frameworks */,
				D63C533C16F7742200A41AA7 /* SystemConfiguration.framework in Frameworks */,
			);
			runOnlyForDeploymentPostprocessing = 0;
		};
		D6552A7B11F266C90073E5BC /* Frameworks */ = {
			isa = PBXFrameworksBuildPhase;
			buildActionMask = 2147483647;
			files = (
			);
			runOnlyForDeploymentPostprocessing = 0;
		};
		D6692BD91648277B00119830 /* Frameworks */ = {
			isa = PBXFrameworksBuildPhase;
			buildActionMask = 2147483647;
			files = (
				D6692BDB1648277B00119830 /* Carbon.framework in Frameworks */,
				D6692BDD1648277B00119830 /* QuickTime.framework in Frameworks */,
				D6692BDE1648277B00119830 /* Cocoa.framework in Frameworks */,
				D6692BDF1648277B00119830 /* libavcodec.dylib in Frameworks */,
				D6692BE01648277B00119830 /* libavformat.dylib in Frameworks */,
				D6692BE11648277B00119830 /* libavutil.dylib in Frameworks */,
				D6692C0A1648284000119830 /* libImage2Mov+laf.a in Frameworks */,
			);
			runOnlyForDeploymentPostprocessing = 0;
		};
		D6692C021648279500119830 /* Frameworks */ = {
			isa = PBXFrameworksBuildPhase;
			buildActionMask = 2147483647;
			files = (
			);
			runOnlyForDeploymentPostprocessing = 0;
		};
/* End PBXFrameworksBuildPhase section */

/* Begin PBXGroup section */
		089C166AFE841209C02AAC07 /* SlideShowImporterPB */ = {
			isa = PBXGroup;
			children = (
				D6EC1E3612EF281800B53DBC /* BugReports.txt */,
				D644ABC311FFA0820097BA7E /* TODOHIST.txt */,
				D686F6F112660F6E00E401EE /* QTImage2Mov.rtf */,
				D6DE77E011DE122900EC9721 /* Headers */,
				F539BA8102B9506701CB1899 /* ComponentIncludes */,
				08FB77ADFE841716C02AAC07 /* Source */,
				089C167CFE841241C02AAC07 /* Resources */,
				D6C15C421253A90B00155E17 /* Win32Stuff */,
				089C1671FE841209C02AAC07 /* External Frameworks and Libraries */,
				19C28FB4FE9D528D11CA2CBB /* Products */,
				D63C533B16F7742200A41AA7 /* SystemConfiguration.framework */,
			);
			name = SlideShowImporterPB;
			sourceTree = "<group>";
		};
		089C1671FE841209C02AAC07 /* External Frameworks and Libraries */ = {
			isa = PBXGroup;
			children = (
				D6EB67C6163C82C200A80A5F /* libavcodec.dylib */,
				D6EB67C8163C82C200A80A5F /* libavformat.dylib */,
				D6EB67CA163C82C200A80A5F /* libavutil.dylib */,
				08EA7FFBFE8413EDC02AAC07 /* Carbon.framework */,
				F501828C0255215801004445 /* QuickTime.framework */,
				D6C87EA112E5CA5F0011AFBB /* Cocoa.framework */,
			);
			name = "External Frameworks and Libraries";
			sourceTree = "<group>";
		};
		089C167CFE841241C02AAC07 /* Resources */ = {
			isa = PBXGroup;
			children = (
				D63D6533144076A80039FC0C /* QTImage2Mov-v1.1.pages */,
				D6CE3C20133EB57F008085C5 /* QI2M.icns */,
				D6CE3C1D133EB548008085C5 /* PkgInfo */,
				D6BD7C0E13210B5B0039E967 /* runDoxygen.bat */,
				D6FC2A67131E57C800583ACC /* doxygen.config */,
				D6C87E8912E5C9000011AFBB /* English.lproj */,
				D647408A11FB7F7F0035E3AD /* QTImage2Mov-Info.plist */,
				D64740F011FB84EA0035E3AD /* QTImage2MovComponent.plist */,
				D6692BEC1648277B00119830 /* QTImage2MovComponent+libavf.plist */,
				D66B265B11F84CCD00E8AE78 /* QTImage2Mov.def */,
				F50182860255213601004445 /* QTImage2MovMachO.r */,
				D6F108891291A2CD004DC901 /* make_archive.sh */,
				D6FC2ADC131E5D0C00583ACC /* runDoxygen.sh */,
			);
			name = Resources;
			sourceTree = "<group>";
		};
		08FB77ADFE841716C02AAC07 /* Source */ = {
			isa = PBXGroup;
			children = (
				D63C532C16F773E200A41AA7 /* Logging */,
				D6A36724123790780091D27C /* scratch.c */,
				D61B36C911D90C0B00661731 /* timing.c */,
				F50182810255213601004445 /* QTImage2Mov.c */,
				D66B26BD11F86C1100E8AE78 /* QTImage2Mov-direct.c */,
				D6C790F011EC6F24002AB21C /* AddImageFrames.c */,
				D6C5888311F9C8B400E6080A /* QTils.c */,
				D6C7914411EC73CA002AB21C /* IMGFrameFromJPGS.c */,
				F50182830255213601004445 /* QTImage2Mov.r */,
				D60437451292A25F002FD822 /* Lists.cpp */,
				D6C87E9412E5C96D0011AFBB /* ProgressDialog.m */,
			);
			name = Source;
			sourceTree = "<group>";
		};
		19C28FB4FE9D528D11CA2CBB /* Products */ = {
			isa = PBXGroup;
			children = (
				D6552A7D11F266C90073E5BC /* libImage2Mov.a */,
				D64740F111FB84EA0035E3AD /* QTImage2MovComp.component */,
				D6692BEB1648277B00119830 /* QTImage2MovComp.component */,
				D6692C071648279500119830 /* libImage2Mov+laf.a */,
			);
			name = Products;
			sourceTree = "<group>";
		};
		D60437491292A2A0002FD822 /* google */ = {
			isa = PBXGroup;
			children = (
				D604374A1292A2A0002FD822 /* dense_hash_map */,
				D604374B1292A2A0002FD822 /* dense_hash_set */,
				D604374C1292A2A0002FD822 /* sparse_hash_map */,
				D604374D1292A2A0002FD822 /* sparse_hash_set */,
				D604374E1292A2A0002FD822 /* sparsehash */,
				D60437531292A2A0002FD822 /* sparsetable */,
				D60437541292A2A0002FD822 /* type_traits.h */,
			);
			name = google;
			path = ../source/google;
			sourceTree = SOURCE_ROOT;
		};
		D604374E1292A2A0002FD822 /* sparsehash */ = {
			isa = PBXGroup;
			children = (
				D604374F1292A2A0002FD822 /* densehashtable.h */,
				D60437501292A2A0002FD822 /* libc_allocator_with_realloc.h */,
				D60437511292A2A0002FD822 /* sparseconfig.h */,
				D60437521292A2A0002FD822 /* sparsehashtable.h */,
			);
			path = sparsehash;
			sourceTree = "<group>";
		};
		D627F87B1296E892001B1E94 /* playbackCode */ = {
			isa = PBXGroup;
			children = (
				D627F8811296E8E8001B1E94 /* voutplayer.h */,
				D627F8821296E8E8001B1E94 /* qtvoutplayer.c */,
				D627F8831296E8E8001B1E94 /* qtime.h */,
				D627F8841296E8E8001B1E94 /* qtime.c */,
			);
			name = playbackCode;
			sourceTree = "<group>";
		};
		D63C532C16F773E200A41AA7 /* Logging */ = {
			isa = PBXGroup;
			children = (
				D63C532D16F773E200A41AA7 /* NSLogger-LICENSE.txt */,
				D63C532E16F773E200A41AA7 /* LoggerCommon.h */,
				D63C532F16F773E200A41AA7 /* LoggerClient.m */,
				D63C533016F773E200A41AA7 /* LoggerClient.h */,
				D63C533116F773E200A41AA7 /* NSLoggerClient.h */,
				D63C533216F773E200A41AA7 /* NSLoggerClient.m */,
			);
			name = Logging;
			sourceTree = "<group>";
		};
		D6C15C421253A90B00155E17 /* Win32Stuff */ = {
			isa = PBXGroup;
			children = (
				D60C64BC1632C4FB0097166C /* QI2Mversion.rc */,
				D627F87B1296E892001B1E94 /* playbackCode */,
				D6C15C431253A95200155E17 /* Dllmain.c */,
				D6C15C441253A95200155E17 /* Dllmain.h */,
				D6EF43AF12007B570046123B /* Logger.cpp */,
				D6EF43B012007B570046123B /* Logger.h */,
				D687046D166BA27300300B8D /* win32popen.h */,
				D6870462166BA23300300B8D /* win32popen.c */,
				D6C15C451253A95200155E17 /* QTImage2MovWin.r */,
			);
			name = Win32Stuff;
			sourceTree = "<group>";
		};
		D6C87E8912E5C9000011AFBB /* English.lproj */ = {
			isa = PBXGroup;
			children = (
				D6C87E8C12E5C9000011AFBB /* ProgressDialog.nib */,
			);
			path = English.lproj;
			sourceTree = "<group>";
		};
		D6DE77E011DE122900EC9721 /* Headers */ = {
			isa = PBXGroup;
			children = (
				D60437491292A2A0002FD822 /* google */,
				D6C588D611F9CEA000E6080A /* copyright.h */,
				D61B36C811D90C0B00661731 /* timing.h */,
				D6148E7711F48623009B04A5 /* winixdefs.h */,
				D6C7918D11EC7685002AB21C /* Logging.h */,
				F50182820255213601004445 /* QTImage2Mov.h */,
				F50182840255213601004445 /* QTImage2MovDispatch.h */,
				F50182850255213601004445 /* QTImage2MovVersion.h */,
				F5FABDBF0259072201E243BC /* QTImage2MovConstants.h */,
				D6C790EF11EC6F24002AB21C /* AddImageFrames.h */,
				D6C5888211F9C8B400E6080A /* QTils.h */,
				D6C7914311EC73CA002AB21C /* IMGFrameFromJPGS.h */,
				D60437441292A25F002FD822 /* Lists.h */,
				D6C87E9312E5C96D0011AFBB /* ProgressDialog.h */,
			);
			name = Headers;
			sourceTree = "<group>";
		};
		F539BA8102B9506701CB1899 /* ComponentIncludes */ = {
			isa = PBXGroup;
			children = (
				F539BA8202B950BE01CB1899 /* Components_macosx.k.h */,
				F539BA8502B952EC01CB1899 /* QuickTimeComponents.h */,
				D601D0FA11EB1029006E1C75 /* QuickTimeComponents_macosx.h */,
			);
			name = ComponentIncludes;
			sourceTree = "<group>";
		};
/* End PBXGroup section */

/* Begin PBXHeadersBuildPhase section */
		D64740D611FB84EA0035E3AD /* Headers */ = {
			isa = PBXHeadersBuildPhase;
			buildActionMask = 2147483647;
			files = (
				D64740D711FB84EA0035E3AD /* AddImageFrames.h in Headers */,
				D64740D811FB84EA0035E3AD /* Components_macosx.k.h in Headers */,
				D64740D911FB84EA0035E3AD /* IMGFrameFromJPGS.h in Headers */,
				D64740DA11FB84EA0035E3AD /* Logging.h in Headers */,
				D64740DB11FB84EA0035E3AD /* QTImage2Mov.h in Headers */,
				D64740DC11FB84EA0035E3AD /* QTImage2MovConstants.h in Headers */,
				D64740DD11FB84EA0035E3AD /* QTImage2MovDispatch.h in Headers */,
				D64740DE11FB84EA0035E3AD /* QTImage2MovVersion.h in Headers */,
				D64740DF11FB84EA0035E3AD /* QuickTimeComponents.h in Headers */,
				D64740E011FB84EA0035E3AD /* QuickTimeComponents_macosx.h in Headers */,
				D64740E111FB84EA0035E3AD /* timing.h in Headers */,
				D64740E211FB84EA0035E3AD /* winixdefs.h in Headers */,
				D6C87E9512E5C96D0011AFBB /* ProgressDialog.h in Headers */,
				D63C533416F773E200A41AA7 /* LoggerCommon.h in Headers */,
				D63C533616F773E200A41AA7 /* LoggerClient.h in Headers */,
				D63C533716F773E200A41AA7 /* NSLoggerClient.h in Headers */,
			);
			runOnlyForDeploymentPostprocessing = 0;
		};
		D6552A7911F266C90073E5BC /* Headers */ = {
			isa = PBXHeadersBuildPhase;
			buildActionMask = 2147483647;
			files = (
				D6C5888411F9C8B400E6080A /* QTils.h in Headers */,
				D6C588D711F9CEA000E6080A /* copyright.h in Headers */,
				D60437551292A2A0002FD822 /* densehashtable.h in Headers */,
				D60437561292A2A0002FD822 /* libc_allocator_with_realloc.h in Headers */,
				D60437571292A2A0002FD822 /* sparseconfig.h in Headers */,
				D60437581292A2A0002FD822 /* sparsehashtable.h in Headers */,
				D60437591292A2A0002FD822 /* type_traits.h in Headers */,
			);
			runOnlyForDeploymentPostprocessing = 0;
		};
		D6692BC21648277B00119830 /* Headers */ = {
			isa = PBXHeadersBuildPhase;
			buildActionMask = 2147483647;
			files = (
				D6692BC31648277B00119830 /* AddImageFrames.h in Headers */,
				D6692BC41648277B00119830 /* Components_macosx.k.h in Headers */,
				D6692BC51648277B00119830 /* IMGFrameFromJPGS.h in Headers */,
				D6692BC61648277B00119830 /* Logging.h in Headers */,
				D6692BC71648277B00119830 /* QTImage2Mov.h in Headers */,
				D6692BC81648277B00119830 /* QTImage2MovConstants.h in Headers */,
				D6692BC91648277B00119830 /* QTImage2MovDispatch.h in Headers */,
				D6692BCA1648277B00119830 /* QTImage2MovVersion.h in Headers */,
				D6692BCB1648277B00119830 /* QuickTimeComponents.h in Headers */,
				D6692BCC1648277B00119830 /* QuickTimeComponents_macosx.h in Headers */,
				D6692BCD1648277B00119830 /* timing.h in Headers */,
				D6692BCE1648277B00119830 /* winixdefs.h in Headers */,
				D6692BCF1648277B00119830 /* ProgressDialog.h in Headers */,
			);
			runOnlyForDeploymentPostprocessing = 0;
		};
		D6692BEE1648279500119830 /* Headers */ = {
			isa = PBXHeadersBuildPhase;
			buildActionMask = 2147483647;
			files = (
				D6692BEF1648279500119830 /* QTils.h in Headers */,
				D6692BF01648279500119830 /* copyright.h in Headers */,
				D6692BF31648279500119830 /* densehashtable.h in Headers */,
				D6692BF41648279500119830 /* libc_allocator_with_realloc.h in Headers */,
				D6692BF51648279500119830 /* sparseconfig.h in Headers */,
				D6692BF61648279500119830 /* sparsehashtable.h in Headers */,
				D6692BF71648279500119830 /* type_traits.h in Headers */,
			);
			runOnlyForDeploymentPostprocessing = 0;
		};
/* End PBXHeadersBuildPhase section */

/* Begin PBXNativeTarget section */
		D64740D511FB84EA0035E3AD /* QTImage2MovComp */ = {
			isa = PBXNativeTarget;
			buildConfigurationList = D64740EC11FB84EA0035E3AD /* Build configuration list for PBXNativeTarget "QTImage2MovComp" */;
			buildPhases = (
				D64740D611FB84EA0035E3AD /* Headers */,
				D64740E311FB84EA0035E3AD /* Resources */,
				D64740E411FB84EA0035E3AD /* Sources */,
				D64740E611FB84EA0035E3AD /* Frameworks */,
				D64740EA11FB84EA0035E3AD /* Rez */,
				D67A1CAA134B999800073807 /* Frameworks */,
				D6EB6838163C843500A80A5F /* Copy FFmpeg */,
			);
			buildRules = (
			);
			dependencies = (
				D65DBC7C11FC59FC00B3CD0B /* PBXTargetDependency */,
				D647410E11FB88470035E3AD /* PBXTargetDependency */,
			);
			name = QTImage2MovComp;
			productInstallPath = "$(USER_LIBRARY_DIR)/Bundles";
			productName = QtImage2MovComp;
			productReference = D64740F111FB84EA0035E3AD /* QTImage2MovComp.component */;
			productType = "com.apple.product-type.bundle";
		};
		D6552A7C11F266C90073E5BC /* Image2Mov */ = {
			isa = PBXNativeTarget;
			buildConfigurationList = D6552A9411F267090073E5BC /* Build configuration list for PBXNativeTarget "Image2Mov" */;
			buildPhases = (
				D6552A7911F266C90073E5BC /* Headers */,
				D6552A7A11F266C90073E5BC /* Sources */,
				D6552A7B11F266C90073E5BC /* Frameworks */,
			);
			buildRules = (
			);
			dependencies = (
			);
			name = Image2Mov;
			productName = Image2Mov;
			productReference = D6552A7D11F266C90073E5BC /* libImage2Mov.a */;
			productType = "com.apple.product-type.library.static";
		};
		D6692BBB1648277B00119830 /* QTImage2MovComp libavf */ = {
			isa = PBXNativeTarget;
			buildConfigurationList = D6692BE71648277B00119830 /* Build configuration list for PBXNativeTarget "QTImage2MovComp libavf" */;
			buildPhases = (
				D6692BC21648277B00119830 /* Headers */,
				D6692BD01648277B00119830 /* Resources */,
				D6692BD61648277B00119830 /* Sources */,
				D6692BD91648277B00119830 /* Frameworks */,
				D6692BE21648277B00119830 /* Rez */,
				D6692BE41648277B00119830 /* Frameworks */,
				D6692BE61648277B00119830 /* Copy FFmpeg */,
			);
			buildRules = (
			);
			dependencies = (
				D6692BBC1648277B00119830 /* PBXTargetDependency */,
				D6692C091648280E00119830 /* PBXTargetDependency */,
			);
			name = "QTImage2MovComp libavf";
			productInstallPath = "$(USER_LIBRARY_DIR)/Bundles";
			productName = QtImage2MovComp;
			productReference = D6692BEB1648277B00119830 /* QTImage2MovComp.component */;
			productType = "com.apple.product-type.bundle";
		};
		D6692BED1648279500119830 /* Image2Mov libavf */ = {
			isa = PBXNativeTarget;
			buildConfigurationList = D6692C031648279500119830 /* Build configuration list for PBXNativeTarget "Image2Mov libavf" */;
			buildPhases = (
				D6692BEE1648279500119830 /* Headers */,
				D6692BF91648279500119830 /* Sources */,
				D6692C021648279500119830 /* Frameworks */,
			);
			buildRules = (
			);
			dependencies = (
			);
			name = "Image2Mov libavf";
			productName = Image2Mov;
			productReference = D6692C071648279500119830 /* libImage2Mov+laf.a */;
			productType = "com.apple.product-type.library.static";
		};
/* End PBXNativeTarget section */

/* Begin PBXProject section */
		089C1669FE841209C02AAC07 /* Project object */ = {
			isa = PBXProject;
			attributes = {
				BuildIndependentTargetsInParallel = YES;
			};
			buildConfigurationList = D67D77700D50EE56009312BA /* Build configuration list for PBXProject "QTImage2MovNative-noVOD" */;
			compatibilityVersion = "Xcode 3.2";
			developmentRegion = English;
			hasScannedForEncodings = 0;
			knownRegions = (
				English,
				Japanese,
				French,
				German,
			);
			mainGroup = 089C166AFE841209C02AAC07 /* SlideShowImporterPB */;
			projectDirPath = "";
			projectRoot = "";
			targets = (
				D64740D511FB84EA0035E3AD /* QTImage2MovComp */,
				D6552A7C11F266C90073E5BC /* Image2Mov */,
				D65DBC7A11FC59F100B3CD0B /* TouchRez */,
				D6768F22131FB969006D40B4 /* DocSet */,
				D6F108801291A284004DC901 /* Archive+DocSet */,
				D6692BBB1648277B00119830 /* QTImage2MovComp libavf */,
				D6692BED1648279500119830 /* Image2Mov libavf */,
			);
		};
/* End PBXProject section */

/* Begin PBXResourcesBuildPhase section */
		D64740E311FB84EA0035E3AD /* Resources */ = {
			isa = PBXResourcesBuildPhase;
			buildActionMask = 2147483647;
			files = (
				D686F6F212660F6E00E401EE /* QTImage2Mov.rtf in Resources */,
				D625A43212957C0F002C044E /* TODOHIST.txt in Resources */,
				D6C87E8F12E5C9000011AFBB /* ProgressDialog.nib in Resources */,
				D6CE3C1E133EB548008085C5 /* PkgInfo in Resources */,
				D6CE3C21133EB57F008085C5 /* QI2M.icns in Resources */,
				D63C533316F773E200A41AA7 /* NSLogger-LICENSE.txt in Resources */,
			);
			runOnlyForDeploymentPostprocessing = 0;
		};
		D6692BD01648277B00119830 /* Resources */ = {
			isa = PBXResourcesBuildPhase;
			buildActionMask = 2147483647;
			files = (
				D6692BD11648277B00119830 /* QTImage2Mov.rtf in Resources */,
				D6692BD21648277B00119830 /* TODOHIST.txt in Resources */,
				D6692BD31648277B00119830 /* ProgressDialog.nib in Resources */,
				D6692BD41648277B00119830 /* PkgInfo in Resources */,
				D6692BD51648277B00119830 /* QI2M.icns in Resources */,
			);
			runOnlyForDeploymentPostprocessing = 0;
		};
/* End PBXResourcesBuildPhase section */

/* Begin PBXRezBuildPhase section */
		D64740EA11FB84EA0035E3AD /* Rez */ = {
			isa = PBXRezBuildPhase;
			buildActionMask = 2147483647;
			files = (
				D64740EB11FB84EA0035E3AD /* QTImage2MovMachO.r in Rez */,
			);
			runOnlyForDeploymentPostprocessing = 0;
		};
		D6692BE21648277B00119830 /* Rez */ = {
			isa = PBXRezBuildPhase;
			buildActionMask = 2147483647;
			files = (
				D6692BE31648277B00119830 /* QTImage2MovMachO.r in Rez */,
			);
			runOnlyForDeploymentPostprocessing = 0;
		};
/* End PBXRezBuildPhase section */

/* Begin PBXShellScriptBuildPhase section */
		D65DBC7911FC59F100B3CD0B /* ShellScript */ = {
			isa = PBXShellScriptBuildPhase;
			buildActionMask = 2147483647;
			files = (
			);
			inputPaths = (
				"$(SRCROOT)/../source/QTImage2Mov.r",
			);
			outputPaths = (
				"$(SRCROOT)/../PrefixIncludes/QTImage2MovMachO.r",
			);
			runOnlyForDeploymentPostprocessing = 0;
			shellPath = /bin/sh;
			shellScript = "# shell script goes here\n\nset -x\n\nTARGET=\"${SRCROOT}/../PrefixIncludes/QTImage2MovMachO.r\"\nSOURCE=\"${SRCROOT}/../source/QTImage2Mov.r\"\n\n# touch -r \"${SOURCE}\" \"${TARGET}\"\ntouch \"${TARGET}\"\nret=$?\n\nls -l \"${TARGET}\"\\\n\nexit $ret";
		};
		D6692BE61648277B00119830 /* Copy FFmpeg */ = {
			isa = PBXShellScriptBuildPhase;
			buildActionMask = 2147483647;
			files = (
			);
			inputPaths = (
			);
			name = "Copy FFmpeg";
			outputPaths = (
			);
			runOnlyForDeploymentPostprocessing = 0;
			shellPath = /bin/sh;
			shellScript = "mkdir -p ${TARGET_BUILD_DIR}/${CONTENTS_FOLDER_PATH}/FFmpeg/lib\ncp -Rp ../../brigade/FFmpeg/macosx/include ${TARGET_BUILD_DIR}/${CONTENTS_FOLDER_PATH}/FFmpeg/\ncp -pv ../../brigade/FFmpeg/macosx/lib/lib{avformat,avcodec,avutil}*.dylib ${TARGET_BUILD_DIR}/${CONTENTS_FOLDER_PATH}/FFmpeg/lib";
			showEnvVarsInLog = 0;
		};
		D6768F21131FB969006D40B4 /* doxygen */ = {
			isa = PBXShellScriptBuildPhase;
			buildActionMask = 2147483647;
			files = (
			);
			inputPaths = (
			);
			name = doxygen;
			outputPaths = (
			);
			runOnlyForDeploymentPostprocessing = 0;
			shellPath = /bin/sh;
			shellScript = ". ./runDoxygen.sh\nexit 0\n";
		};
		D6EB6838163C843500A80A5F /* Copy FFmpeg */ = {
			isa = PBXShellScriptBuildPhase;
			buildActionMask = 2147483647;
			files = (
			);
			inputPaths = (
			);
			name = "Copy FFmpeg";
			outputPaths = (
			);
			runOnlyForDeploymentPostprocessing = 0;
			shellPath = /bin/sh;
			shellScript = "#mkdir -p ${TARGET_BUILD_DIR}/${CONTENTS_FOLDER_PATH}/FFmpeg/lib\n#cp -Rp ../../brigade/FFmpeg/macosx/include ${TARGET_BUILD_DIR}/${CONTENTS_FOLDER_PATH}/FFmpeg/\n#cp -pv ../../brigade/FFmpeg/macosx/lib/lib{avformat,avcodec,avutil}*.dylib ${TARGET_BUILD_DIR}/${CONTENTS_FOLDER_PATH}/FFmpeg/lib";
			showEnvVarsInLog = 0;
		};
		D6F1087F1291A284004DC901 /* archive */ = {
			isa = PBXShellScriptBuildPhase;
			buildActionMask = 12;
			files = (
			);
			inputPaths = (
			);
			name = archive;
			outputPaths = (
			);
			runOnlyForDeploymentPostprocessing = 0;
			shellPath = /bin/sh;
			shellScript = "cd ${PROJECT_DIR}/..\npwd\nexec ./make_archive.sh";
			showEnvVarsInLog = 0;
		};
/* End PBXShellScriptBuildPhase section */

/* Begin PBXSourcesBuildPhase section */
		D64740E411FB84EA0035E3AD /* Sources */ = {
			isa = PBXSourcesBuildPhase;
			buildActionMask = 2147483647;
			files = (
				D64740E511FB84EA0035E3AD /* QTImage2Mov.c in Sources */,
				D6C87E9612E5C96D0011AFBB /* ProgressDialog.m in Sources */,
				D63C533516F773E200A41AA7 /* LoggerClient.m in Sources */,
				D63C533816F773E200A41AA7 /* NSLoggerClient.m in Sources */,
			);
			runOnlyForDeploymentPostprocessing = 0;
		};
		D6552A7A11F266C90073E5BC /* Sources */ = {
			isa = PBXSourcesBuildPhase;
			buildActionMask = 2147483647;
			files = (
				D6552A7F11F266F20073E5BC /* AddImageFrames.c in Sources */,
				D6552A8111F266F20073E5BC /* IMGFrameFromJPGS.c in Sources */,
				D6552A8311F266F20073E5BC /* timing.c in Sources */,
				D6C5888511F9C8B400E6080A /* QTils.c in Sources */,
				D61A798211F9E9A000CB755D /* QTImage2Mov-direct.c in Sources */,
			);
			runOnlyForDeploymentPostprocessing = 0;
		};
		D6692BD61648277B00119830 /* Sources */ = {
			isa = PBXSourcesBuildPhase;
			buildActionMask = 2147483647;
			files = (
				D6692BD71648277B00119830 /* QTImage2Mov.c in Sources */,
				D6692BD81648277B00119830 /* ProgressDialog.m in Sources */,
			);
			runOnlyForDeploymentPostprocessing = 0;
		};
		D6692BF91648279500119830 /* Sources */ = {
			isa = PBXSourcesBuildPhase;
			buildActionMask = 2147483647;
			files = (
				D6692BFA1648279500119830 /* AddImageFrames.c in Sources */,
				D6692BFB1648279500119830 /* IMGFrameFromJPGS.c in Sources */,
				D6692BFC1648279500119830 /* timing.c in Sources */,
				D6692BFD1648279500119830 /* QTils.c in Sources */,
				D6692BFE1648279500119830 /* QTImage2Mov-direct.c in Sources */,
			);
			runOnlyForDeploymentPostprocessing = 0;
		};
/* End PBXSourcesBuildPhase section */

/* Begin PBXTargetDependency section */
		D647410E11FB88470035E3AD /* PBXTargetDependency */ = {
			isa = PBXTargetDependency;
			target = D6552A7C11F266C90073E5BC /* Image2Mov */;
			targetProxy = D647410D11FB88470035E3AD /* PBXContainerItemProxy */;
		};
		D65DBC7C11FC59FC00B3CD0B /* PBXTargetDependency */ = {
			isa = PBXTargetDependency;
			target = D65DBC7A11FC59F100B3CD0B /* TouchRez */;
			targetProxy = D65DBC7B11FC59FC00B3CD0B /* PBXContainerItemProxy */;
		};
		D6692BBC1648277B00119830 /* PBXTargetDependency */ = {
			isa = PBXTargetDependency;
			target = D65DBC7A11FC59F100B3CD0B /* TouchRez */;
			targetProxy = D6692BBD1648277B00119830 /* PBXContainerItemProxy */;
		};
		D6692C091648280E00119830 /* PBXTargetDependency */ = {
			isa = PBXTargetDependency;
			target = D6692BED1648279500119830 /* Image2Mov libavf */;
			targetProxy = D6692C081648280E00119830 /* PBXContainerItemProxy */;
		};
		D6768F27131FB999006D40B4 /* PBXTargetDependency */ = {
			isa = PBXTargetDependency;
			target = D6768F22131FB969006D40B4 /* DocSet */;
			targetProxy = D6768F26131FB999006D40B4 /* PBXContainerItemProxy */;
		};
/* End PBXTargetDependency section */

/* Begin PBXVariantGroup section */
		D6C87E8C12E5C9000011AFBB /* ProgressDialog.nib */ = {
			isa = PBXVariantGroup;
			children = (
				D6C87E8D12E5C9000011AFBB /* English */,
			);
			name = ProgressDialog.nib;
			sourceTree = "<group>";
		};
/* End PBXVariantGroup section */

/* Begin XCBuildConfiguration section */
		D64740ED11FB84EA0035E3AD /* Development */ = {
			isa = XCBuildConfiguration;
			buildSettings = {
				ARCHS = i386;
				COPY_PHASE_STRIP = NO;
				GCC_ALTIVEC_EXTENSIONS = NO;
				GCC_AUTO_VECTORIZATION = YES;
				GCC_DEBUGGING_SYMBOLS = full;
				GCC_DYNAMIC_NO_PIC = NO;
				GCC_ENABLE_CPP_RTTI = NO;
				GCC_ENABLE_SSE3_EXTENSIONS = YES;
				GCC_GENERATE_DEBUGGING_SYMBOLS = YES;
				GCC_MODEL_TUNING = "";
				GCC_OPTIMIZATION_LEVEL = 0;
				GCC_PREFIX_HEADER = ../PrefixIncludes/QTImage2MovMachOConfig.h;
				GCC_PREPROCESSOR_DEFINITIONS = (
					DEBUG,
					IMPORT_JPGS,
					NO_FFMPEGLIBS_DEPEND,
				);
				GCC_SYMBOLS_PRIVATE_EXTERN = NO;
				HEADER_SEARCH_PATHS = "${PROJECT_DIR}/../../GNUStep-PC-LogController";
				INFOPLIST_FILE = QTImage2MovComponent.plist;
				LIBRARY_SEARCH_PATHS = "$(inherited)";
				OTHER_CFLAGS = "";
				OTHER_LDFLAGS = "";
				OTHER_REZFLAGS = "-rd -d ppc_$(ppc) -d i386_$(i386)";
				PREBINDING = NO;
				PRODUCT_NAME = QTImage2MovComp;
				REZ_RESOURCE_MAP_READ_ONLY = YES;
				REZ_SHOW_DEBUG_OUTPUT = NO;
				SECTORDER_FLAGS = "";
				STRIP_INSTALLED_PRODUCT = NO;
				USER_HEADER_SEARCH_PATHS = "";
				WARNING_CFLAGS = (
					"-Wmost",
					"-Wno-four-char-constants",
					"-Wno-unknown-pragmas",
				);
				WRAPPER_EXTENSION = component;
			};
			name = Development;
		};
		D64740EE11FB84EA0035E3AD /* Deployment */ = {
			isa = XCBuildConfiguration;
			buildSettings = {
				ARCHS = i386;
				COPY_PHASE_STRIP = NO;
				GCC_ALTIVEC_EXTENSIONS = NO;
				GCC_AUTO_VECTORIZATION = YES;
				GCC_DEBUGGING_SYMBOLS = full;
				GCC_DYNAMIC_NO_PIC = YES;
				GCC_ENABLE_CPP_RTTI = NO;
				GCC_ENABLE_FIX_AND_CONTINUE = NO;
				GCC_ENABLE_SSE3_EXTENSIONS = YES;
				GCC_GENERATE_DEBUGGING_SYMBOLS = YES;
				GCC_MODEL_TUNING = "";
				GCC_OPTIMIZATION_LEVEL = 3;
				GCC_PREFIX_HEADER = ../PrefixIncludes/QTImage2MovMachOConfig.h;
				GCC_PREPROCESSOR_DEFINITIONS = (
					IMPORT_JPGS,
					NO_FFMPEGLIBS_DEPEND,
				);
				GCC_SYMBOLS_PRIVATE_EXTERN = NO;
				GCC_VERSION = 4.2;
				HEADER_SEARCH_PATHS = "${PROJECT_DIR}/../../GNUStep-PC-LogController";
				INFOPLIST_FILE = QTImage2MovComponent.plist;
				LIBRARY_SEARCH_PATHS = "$(inherited)";
				LLVM_LTO = NO;
				OTHER_CFLAGS = "";
				OTHER_LDFLAGS = (
					"-read_only_relocs",
					suppress,
				);
				OTHER_REZFLAGS = "-rd -d ppc_$(ppc) -d i386_$(i386)";
				PREBINDING = NO;
				PRODUCT_NAME = QTImage2MovComp;
				REZ_RESOURCE_MAP_READ_ONLY = YES;
				REZ_SHOW_DEBUG_OUTPUT = NO;
				SECTORDER_FLAGS = "";
				STRIP_INSTALLED_PRODUCT = NO;
				USER_HEADER_SEARCH_PATHS = "";
				WARNING_CFLAGS = (
					"-Wmost",
					"-Wno-four-char-constants",
					"-Wno-unknown-pragmas",
				);
				WRAPPER_EXTENSION = component;
				ZERO_LINK = NO;
			};
			name = Deployment;
		};
		D6552A9511F267090073E5BC /* Development */ = {
			isa = XCBuildConfiguration;
			buildSettings = {
				ARCHS = i386;
				COPY_PHASE_STRIP = NO;
				GCC_ALTIVEC_EXTENSIONS = NO;
				GCC_AUTO_VECTORIZATION = YES;
				GCC_DEBUGGING_SYMBOLS = full;
				GCC_DYNAMIC_NO_PIC = NO;
				GCC_ENABLE_FIX_AND_CONTINUE = NO;
				GCC_ENABLE_SSE3_EXTENSIONS = YES;
				GCC_FAST_MATH = YES;
				GCC_GENERATE_DEBUGGING_SYMBOLS = YES;
				GCC_MODEL_TUNING = "";
				GCC_OPTIMIZATION_LEVEL = 0;
				GCC_PREPROCESSOR_DEFINITIONS = (
					DEBUG,
					IMPORT_JPGS,
					NO_FFMPEGLIBS_DEPEND,
				);
				GCC_UNROLL_LOOPS = NO;
				HEADER_SEARCH_PATHS = "";
				INSTALL_PATH = /usr/local/lib;
				LIBRARY_SEARCH_PATHS = "$(inherited)";
				OTHER_CFLAGS = "";
				PREBINDING = NO;
				PRODUCT_NAME = Image2Mov;
				STRIP_INSTALLED_PRODUCT = NO;
				ZERO_LINK = NO;
			};
			name = Development;
		};
		D6552A9611F267090073E5BC /* Deployment */ = {
			isa = XCBuildConfiguration;
			buildSettings = {
				ARCHS = "$(ARCHS_STANDARD_32_BIT)";
				COPY_PHASE_STRIP = NO;
				GCC_ALTIVEC_EXTENSIONS = NO;
				GCC_AUTO_VECTORIZATION = YES;
				GCC_DEBUGGING_SYMBOLS = full;
				GCC_DYNAMIC_NO_PIC = YES;
				GCC_ENABLE_FIX_AND_CONTINUE = NO;
				GCC_ENABLE_SSE3_EXTENSIONS = YES;
				GCC_FAST_MATH = YES;
				GCC_GENERATE_DEBUGGING_SYMBOLS = YES;
				GCC_MODEL_TUNING = "";
				GCC_OPTIMIZATION_LEVEL = 3;
				GCC_PREPROCESSOR_DEFINITIONS = (
					IMPORT_JPGS,
					NO_FFMPEGLIBS_DEPEND,
				);
				GCC_UNROLL_LOOPS = YES;
				HEADER_SEARCH_PATHS = "";
				INSTALL_PATH = /usr/local/lib;
				LIBRARY_SEARCH_PATHS = "$(inherited)";
				OTHER_CFLAGS = "";
				PREBINDING = NO;
				PRODUCT_NAME = Image2Mov;
				STRIP_INSTALLED_PRODUCT = NO;
				ZERO_LINK = NO;
			};
			name = Deployment;
		};
		D65DBC7E11FC5A1E00B3CD0B /* Development */ = {
			isa = XCBuildConfiguration;
			buildSettings = {
				COPY_PHASE_STRIP = NO;
				GCC_DYNAMIC_NO_PIC = NO;
				GCC_GENERATE_DEBUGGING_SYMBOLS = YES;
				GCC_OPTIMIZATION_LEVEL = 0;
				PRODUCT_NAME = TouchRez;
			};
			name = Development;
		};
		D65DBC7F11FC5A1E00B3CD0B /* Deployment */ = {
			isa = XCBuildConfiguration;
			buildSettings = {
				COPY_PHASE_STRIP = YES;
				GCC_ENABLE_FIX_AND_CONTINUE = NO;
				GCC_GENERATE_DEBUGGING_SYMBOLS = NO;
				PRODUCT_NAME = TouchRez;
				ZERO_LINK = NO;
			};
			name = Deployment;
		};
		D6692BE81648277B00119830 /* Development */ = {
			isa = XCBuildConfiguration;
			buildSettings = {
				ARCHS = i386;
				COPY_PHASE_STRIP = NO;
				GCC_ALTIVEC_EXTENSIONS = NO;
				GCC_AUTO_VECTORIZATION = YES;
				GCC_DEBUGGING_SYMBOLS = full;
				GCC_DYNAMIC_NO_PIC = NO;
				GCC_ENABLE_CPP_RTTI = NO;
				GCC_ENABLE_SSE3_EXTENSIONS = YES;
				GCC_GENERATE_DEBUGGING_SYMBOLS = YES;
				GCC_MODEL_TUNING = "";
				GCC_OPTIMIZATION_LEVEL = 0;
				GCC_PREFIX_HEADER = ../PrefixIncludes/QTImage2MovMachOConfig.h;
				GCC_SYMBOLS_PRIVATE_EXTERN = NO;
				HEADER_SEARCH_PATHS = "${PROJECT_DIR}/../../GNUStep-PC-LogController";
				INFOPLIST_FILE = "QTImage2MovComponent+libavf.plist";
				LIBRARY_SEARCH_PATHS = (
					"$(inherited)",
					"$(SRCROOT)/../../brigade/FFmpeg/macosx/lib",
					"$(SRCROOT)/../../../../../../../MacPorts/lib",
				);
				OTHER_CFLAGS = "";
				OTHER_LDFLAGS = "";
				OTHER_REZFLAGS = "-rd -d ppc_$(ppc) -d i386_$(i386)";
				PREBINDING = NO;
				PRODUCT_NAME = QTImage2MovComp;
				REZ_RESOURCE_MAP_READ_ONLY = YES;
				REZ_SHOW_DEBUG_OUTPUT = NO;
				SECTORDER_FLAGS = "";
				STRIP_INSTALLED_PRODUCT = NO;
				USER_HEADER_SEARCH_PATHS = "";
				WARNING_CFLAGS = (
					"-Wmost",
					"-Wno-four-char-constants",
					"-Wno-unknown-pragmas",
				);
				WRAPPER_EXTENSION = component;
			};
			name = Development;
		};
		D6692BE91648277B00119830 /* Deployment */ = {
			isa = XCBuildConfiguration;
			buildSettings = {
				ARCHS = i386;
				COPY_PHASE_STRIP = NO;
				GCC_ALTIVEC_EXTENSIONS = NO;
				GCC_AUTO_VECTORIZATION = YES;
				GCC_DEBUGGING_SYMBOLS = full;
				GCC_ENABLE_CPP_RTTI = NO;
				GCC_ENABLE_FIX_AND_CONTINUE = NO;
				GCC_ENABLE_SSE3_EXTENSIONS = YES;
				GCC_GENERATE_DEBUGGING_SYMBOLS = YES;
				GCC_MODEL_TUNING = "";
				GCC_OPTIMIZATION_LEVEL = 3;
				GCC_PREFIX_HEADER = ../PrefixIncludes/QTImage2MovMachOConfig.h;
				GCC_SYMBOLS_PRIVATE_EXTERN = NO;
				GCC_VERSION = 4.2;
				HEADER_SEARCH_PATHS = "${PROJECT_DIR}/../../GNUStep-PC-LogController";
				INFOPLIST_FILE = "QTImage2MovComponent+libavf.plist";
				LIBRARY_SEARCH_PATHS = (
					"$(inherited)",
					"$(SRCROOT)/../../brigade/FFmpeg/macosx/lib",
					"$(SRCROOT)/../../../../../../../MacPorts/lib",
				);
				LLVM_LTO = NO;
				OTHER_CFLAGS = "";
				OTHER_LDFLAGS = "";
				OTHER_REZFLAGS = "-rd -d ppc_$(ppc) -d i386_$(i386)";
				PREBINDING = NO;
				PRODUCT_NAME = QTImage2MovComp;
				REZ_RESOURCE_MAP_READ_ONLY = YES;
				REZ_SHOW_DEBUG_OUTPUT = NO;
				SECTORDER_FLAGS = "";
				STRIP_INSTALLED_PRODUCT = NO;
				USER_HEADER_SEARCH_PATHS = "";
				WARNING_CFLAGS = (
					"-Wmost",
					"-Wno-four-char-constants",
					"-Wno-unknown-pragmas",
				);
				WRAPPER_EXTENSION = component;
				ZERO_LINK = NO;
			};
			name = Deployment;
		};
		D6692C041648279500119830 /* Development */ = {
			isa = XCBuildConfiguration;
			buildSettings = {
				ARCHS = i386;
				COPY_PHASE_STRIP = NO;
				GCC_ALTIVEC_EXTENSIONS = NO;
				GCC_AUTO_VECTORIZATION = YES;
				GCC_DEBUGGING_SYMBOLS = full;
				GCC_DYNAMIC_NO_PIC = NO;
				GCC_ENABLE_FIX_AND_CONTINUE = NO;
				GCC_ENABLE_SSE3_EXTENSIONS = YES;
				GCC_FAST_MATH = YES;
				GCC_GENERATE_DEBUGGING_SYMBOLS = YES;
				GCC_MODEL_TUNING = "";
				GCC_OPTIMIZATION_LEVEL = 0;
				GCC_PREPROCESSOR_DEFINITIONS = (
					DEBUG,
					IMPORT_VOD,
					IMPORT_JPGS,
				);
				GCC_UNROLL_LOOPS = NO;
				HEADER_SEARCH_PATHS = (
					../../brigade/FFmpeg/macosx/include/,
					../../brigade/FFmpeg/macosx/include/libavformat,
					../../brigade/FFmpeg/macosx/include/libavcodec,
					../../brigade/FFmpeg/macosx/include/libavutil,
				);
				INSTALL_PATH = /usr/local/lib;
				LIBRARY_SEARCH_PATHS = (
					"$(inherited)",
					"\\\"$(SRCROOT)/../../brigade/FFmpeg/macosx/lib\\\"",
				);
				OTHER_CFLAGS = "";
				PREBINDING = NO;
				PRODUCT_NAME = "Image2Mov+laf";
				STRIP_INSTALLED_PRODUCT = NO;
				ZERO_LINK = NO;
			};
			name = Development;
		};
		D6692C051648279500119830 /* Deployment */ = {
			isa = XCBuildConfiguration;
			buildSettings = {
				ARCHS = i386;
				COPY_PHASE_STRIP = NO;
				GCC_ALTIVEC_EXTENSIONS = NO;
				GCC_AUTO_VECTORIZATION = YES;
				GCC_DEBUGGING_SYMBOLS = full;
				GCC_ENABLE_FIX_AND_CONTINUE = NO;
				GCC_ENABLE_SSE3_EXTENSIONS = YES;
				GCC_FAST_MATH = YES;
				GCC_GENERATE_DEBUGGING_SYMBOLS = YES;
				GCC_MODEL_TUNING = "";
				GCC_OPTIMIZATION_LEVEL = 3;
				GCC_PREPROCESSOR_DEFINITIONS = (
					IMPORT_VOD,
					IMPORT_JPGS,
				);
				GCC_UNROLL_LOOPS = YES;
				HEADER_SEARCH_PATHS = (
					../../brigade/FFmpeg/macosx/include/,
					../../brigade/FFmpeg/macosx/include/libavformat,
					../../brigade/FFmpeg/macosx/include/libavcodec,
					../../brigade/FFmpeg/macosx/include/libavutil,
				);
				INSTALL_PATH = /usr/local/lib;
				LIBRARY_SEARCH_PATHS = (
					"$(inherited)",
					"\\\"$(SRCROOT)/../../brigade/FFmpeg/macosx/lib\\\"",
				);
				OTHER_CFLAGS = "";
				PREBINDING = NO;
				PRODUCT_NAME = "Image2Mov+laf";
				STRIP_INSTALLED_PRODUCT = NO;
				ZERO_LINK = NO;
			};
			name = Deployment;
		};
		D6768F23131FB969006D40B4 /* Development */ = {
			isa = XCBuildConfiguration;
			buildSettings = {
				COPY_PHASE_STRIP = NO;
				GCC_DYNAMIC_NO_PIC = NO;
				GCC_OPTIMIZATION_LEVEL = 0;
				PRODUCT_NAME = DocSet;
			};
			name = Development;
		};
		D6768F24131FB969006D40B4 /* Deployment */ = {
			isa = XCBuildConfiguration;
			buildSettings = {
				COPY_PHASE_STRIP = YES;
				DEBUG_INFORMATION_FORMAT = "dwarf-with-dsym";
				GCC_ENABLE_FIX_AND_CONTINUE = NO;
				PRODUCT_NAME = DocSet;
				ZERO_LINK = NO;
			};
			name = Deployment;
		};
		D67D77710D50EE56009312BA /* Development */ = {
			isa = XCBuildConfiguration;
			buildSettings = {
				ARCHS = i386;
				BUILD_VARIANTS = normal;
				COPY_PHASE_STRIP = NO;
				DEBUG_INFORMATION_FORMAT = stabs;
				GCC_ALTIVEC_EXTENSIONS = NO;
				GCC_AUTO_VECTORIZATION = YES;
				GCC_DEBUGGING_SYMBOLS = full;
				GCC_ENABLE_OBJC_GC = unsupported;
				GCC_ENABLE_SSE3_EXTENSIONS = YES;
				GCC_ENABLE_SSE41_EXTENSIONS = YES;
				GCC_ENABLE_SSE42_EXTENSIONS = YES;
				GCC_ENABLE_SUPPLEMENTAL_SSE3_INSTRUCTIONS = YES;
				GCC_MODEL_PPC64 = NO;
				GCC_MODEL_TUNING = "";
				GCC_OPTIMIZATION_LEVEL = 0;
				GCC_PREPROCESSOR_DEFINITIONS = (
					DEBUG,
					IMPORT_VOD,
					IMPORT_JPGS,
				);
				GCC_UNROLL_LOOPS = NO;
				GCC_VERSION = com.apple.compilers.llvmgcc42;
				GCC_WARN_64_TO_32_BIT_CONVERSION = YES;
				GCC_WARN_UNINITIALIZED_AUTOS = YES;
				LIBRARY_SEARCH_PATHS = ..;
				LLVM_LTO = NO;
				MACOSX_DEPLOYMENT_TARGET = 10.6;
				ONLY_LINK_ESSENTIAL_SYMBOLS = NO;
				OTHER_CFLAGS = (
					"-ftracer",
					"-march=core2",
				);
				PREBINDING = YES;
				PRESERVE_DEAD_CODE_INITS_AND_TERMS = NO;
				SCAN_ALL_SOURCE_FILES_FOR_INCLUDES = YES;
				SDKROOT = macosx10.6;
				STANDARD_C_PLUS_PLUS_LIBRARY_TYPE = dynamic;
				STRIP_INSTALLED_PRODUCT = NO;
				USER_HEADER_SEARCH_PATHS = /usr/local/include;
			};
			name = Development;
		};
		D67D77720D50EE56009312BA /* Deployment */ = {
			isa = XCBuildConfiguration;
			buildSettings = {
				ARCHS = i386;
				COPY_PHASE_STRIP = NO;
				DEBUG_INFORMATION_FORMAT = stabs;
				GCC_ALTIVEC_EXTENSIONS = NO;
				GCC_AUTO_VECTORIZATION = YES;
				GCC_ENABLE_OBJC_GC = unsupported;
				GCC_ENABLE_SSE3_EXTENSIONS = YES;
				GCC_ENABLE_SSE41_EXTENSIONS = YES;
				GCC_ENABLE_SSE42_EXTENSIONS = YES;
				GCC_ENABLE_SUPPLEMENTAL_SSE3_INSTRUCTIONS = YES;
				GCC_MODEL_PPC64 = NO;
				GCC_MODEL_TUNING = "";
				GCC_OPTIMIZATION_LEVEL = 3;
				GCC_PREPROCESSOR_DEFINITIONS = (
					IMPORT_VOD,
					IMPORT_JPGS,
				);
				GCC_UNROLL_LOOPS = YES;
				GCC_VERSION = 4.2;
				GCC_WARN_64_TO_32_BIT_CONVERSION = YES;
				GCC_WARN_UNINITIALIZED_AUTOS = YES;
				LIBRARY_SEARCH_PATHS = ..;
				LLVM_LTO = YES;
				MACOSX_DEPLOYMENT_TARGET = 10.6;
				ONLY_LINK_ESSENTIAL_SYMBOLS = NO;
				OTHER_CFLAGS = (
					"-ftracer",
					"-march=core2",
				);
				PREBINDING = YES;
				PRESERVE_DEAD_CODE_INITS_AND_TERMS = NO;
				SCAN_ALL_SOURCE_FILES_FOR_INCLUDES = YES;
				SDKROOT = macosx10.6;
				STANDARD_C_PLUS_PLUS_LIBRARY_TYPE = dynamic;
				STRIP_INSTALLED_PRODUCT = NO;
				USER_HEADER_SEARCH_PATHS = /usr/local/include;
			};
			name = Deployment;
		};
		D6F108811291A284004DC901 /* Development */ = {
			isa = XCBuildConfiguration;
			buildSettings = {
				COPY_PHASE_STRIP = NO;
				GCC_DYNAMIC_NO_PIC = NO;
				GCC_OPTIMIZATION_LEVEL = 0;
				PRODUCT_NAME = Archive;
			};
			name = Development;
		};
		D6F108821291A284004DC901 /* Deployment */ = {
			isa = XCBuildConfiguration;
			buildSettings = {
				COPY_PHASE_STRIP = YES;
				DEBUG_INFORMATION_FORMAT = "dwarf-with-dsym";
				GCC_ENABLE_FIX_AND_CONTINUE = NO;
				PRODUCT_NAME = Archive;
				ZERO_LINK = NO;
			};
			name = Deployment;
		};
/* End XCBuildConfiguration section */

/* Begin XCConfigurationList section */
		D64740EC11FB84EA0035E3AD /* Build configuration list for PBXNativeTarget "QTImage2MovComp" */ = {
			isa = XCConfigurationList;
			buildConfigurations = (
				D64740ED11FB84EA0035E3AD /* Development */,
				D64740EE11FB84EA0035E3AD /* Deployment */,
			);
			defaultConfigurationIsVisible = 0;
			defaultConfigurationName = Deployment;
		};
		D6552A9411F267090073E5BC /* Build configuration list for PBXNativeTarget "Image2Mov" */ = {
			isa = XCConfigurationList;
			buildConfigurations = (
				D6552A9511F267090073E5BC /* Development */,
				D6552A9611F267090073E5BC /* Deployment */,
			);
			defaultConfigurationIsVisible = 0;
			defaultConfigurationName = Deployment;
		};
		D65DBC7D11FC5A1E00B3CD0B /* Build configuration list for PBXAggregateTarget "TouchRez" */ = {
			isa = XCConfigurationList;
			buildConfigurations = (
				D65DBC7E11FC5A1E00B3CD0B /* Development */,
				D65DBC7F11FC5A1E00B3CD0B /* Deployment */,
			);
			defaultConfigurationIsVisible = 0;
			defaultConfigurationName = Deployment;
		};
		D6692BE71648277B00119830 /* Build configuration list for PBXNativeTarget "QTImage2MovComp libavf" */ = {
			isa = XCConfigurationList;
			buildConfigurations = (
				D6692BE81648277B00119830 /* Development */,
				D6692BE91648277B00119830 /* Deployment */,
			);
			defaultConfigurationIsVisible = 0;
			defaultConfigurationName = Deployment;
		};
		D6692C031648279500119830 /* Build configuration list for PBXNativeTarget "Image2Mov libavf" */ = {
			isa = XCConfigurationList;
			buildConfigurations = (
				D6692C041648279500119830 /* Development */,
				D6692C051648279500119830 /* Deployment */,
			);
			defaultConfigurationIsVisible = 0;
			defaultConfigurationName = Deployment;
		};
		D6768F2F131FB9B5006D40B4 /* Build configuration list for PBXAggregateTarget "DocSet" */ = {
			isa = XCConfigurationList;
			buildConfigurations = (
				D6768F23131FB969006D40B4 /* Development */,
				D6768F24131FB969006D40B4 /* Deployment */,
			);
			defaultConfigurationIsVisible = 0;
			defaultConfigurationName = Deployment;
		};
		D67D77700D50EE56009312BA /* Build configuration list for PBXProject "QTImage2MovNative-noVOD" */ = {
			isa = XCConfigurationList;
			buildConfigurations = (
				D67D77710D50EE56009312BA /* Development */,
				D67D77720D50EE56009312BA /* Deployment */,
			);
			defaultConfigurationIsVisible = 0;
			defaultConfigurationName = Deployment;
		};
		D6F108881291A2C3004DC901 /* Build configuration list for PBXAggregateTarget "Archive+DocSet" */ = {
			isa = XCConfigurationList;
			buildConfigurations = (
				D6F108811291A284004DC901 /* Development */,
				D6F108821291A284004DC901 /* Deployment */,
			);
			defaultConfigurationIsVisible = 0;
			defaultConfigurationName = Deployment;
		};
/* End XCConfigurationList section */
	};
	rootObject = 089C1669FE841209C02AAC07 /* Project object */;
}
